// !$*UTF8*$!
{
	archiveVersion = 1;
	classes = {
	};
	objectVersion = 46;
	objects = {

/* Begin PBXAggregateTarget section */
		58214545BF6DA702353B3F50 /* Universal Library */ = {
			isa = PBXAggregateTarget;
			buildConfigurationList = 31C3DED5AEA103F02B771419 /* Build configuration list for PBXAggregateTarget "Universal Library" */;
			buildPhases = (
				5F4CA7851E60DB3BE876D033 /* ShellScript */,
			);
			dependencies = (
			);
			name = "Universal Library";
			productName = "Univeral Library";
		};
/* End PBXAggregateTarget section */

/* Begin PBXBuildFile section */
		2128AEA5484ED301AE0D3F47 /* UIKit.framework in Frameworks */ = {isa = PBXBuildFile; fileRef = 7165D454146B4EA100DE2F0E /* UIKit.framework */; };
		22AF45D4BE9DDDB3D6166425 /* CoreGraphics.framework in Frameworks */ = {isa = PBXBuildFile; fileRef = 7165D458146B4EA100DE2F0E /* CoreGraphics.framework */; };
		2574D65B0D2FFDB5D0372B4A /* UIKit.framework in Frameworks */ = {isa = PBXBuildFile; fileRef = 7165D454146B4EA100DE2F0E /* UIKit.framework */; };
		28C60920A77AB174A952864D /* CoreGraphics.framework in Frameworks */ = {isa = PBXBuildFile; fileRef = 7165D458146B4EA100DE2F0E /* CoreGraphics.framework */; };
		3953DBAC25E75B57D6DED522 /* AppDelegate.h in Headers */ = {isa = PBXBuildFile; fileRef = 7165D463146B4EA100DE2F0E /* AppDelegate.h */; settings = {ATTRIBUTES = (Public, ); }; };
		7147F908153E347700763224 /* SenTestingKit.framework in Frameworks */ = {isa = PBXBuildFile; fileRef = 7165D46C146B4EA100DE2F0E /* SenTestingKit.framework */; };
		7147F909153E347700763224 /* UIKit.framework in Frameworks */ = {isa = PBXBuildFile; fileRef = 7165D454146B4EA100DE2F0E /* UIKit.framework */; };
		7147F90A153E347700763224 /* Foundation.framework in Frameworks */ = {isa = PBXBuildFile; fileRef = 7165D456146B4EA100DE2F0E /* Foundation.framework */; };
		7147F910153E347700763224 /* InfoPlist.strings in Resources */ = {isa = PBXBuildFile; fileRef = 7147F90E153E347700763224 /* InfoPlist.strings */; };
		7147F913153E347700763224 /* ApplicationTests.m in Sources */ = {isa = PBXBuildFile; fileRef = 7147F912153E347700763224 /* ApplicationTests.m */; };
		7147F920153E34F900763224 /* AnotherTest.m in Sources */ = {isa = PBXBuildFile; fileRef = 7147F91A153E34F900763224 /* AnotherTest.m */; };
		7147F921153E34F900763224 /* InfoPlist.strings in Resources */ = {isa = PBXBuildFile; fileRef = 7147F91B153E34F900763224 /* InfoPlist.strings */; };
		7147F922153E34F900763224 /* TestProjectTests-Info.plist in Resources */ = {isa = PBXBuildFile; fileRef = 7147F91D153E34F900763224 /* TestProjectTests-Info.plist */; };
		7147F923153E34F900763224 /* TestProjectTests.m in Sources */ = {isa = PBXBuildFile; fileRef = 7147F91F153E34F900763224 /* TestProjectTests.m */; };
		7165D455146B4EA100DE2F0E /* UIKit.framework in Frameworks */ = {isa = PBXBuildFile; fileRef = 7165D454146B4EA100DE2F0E /* UIKit.framework */; };
		7165D457146B4EA100DE2F0E /* Foundation.framework in Frameworks */ = {isa = PBXBuildFile; fileRef = 7165D456146B4EA100DE2F0E /* Foundation.framework */; };
		7165D459146B4EA100DE2F0E /* CoreGraphics.framework in Frameworks */ = {isa = PBXBuildFile; fileRef = 7165D458146B4EA100DE2F0E /* CoreGraphics.framework */; };
		7165D45F146B4EA100DE2F0E /* InfoPlist.strings in Resources */ = {isa = PBXBuildFile; fileRef = 7165D45D146B4EA100DE2F0E /* InfoPlist.strings */; };
		7165D461146B4EA100DE2F0E /* main.m in Sources */ = {isa = PBXBuildFile; fileRef = 7165D460146B4EA100DE2F0E /* main.m */; };
		7165D465146B4EA100DE2F0E /* AppDelegate.m in Sources */ = {isa = PBXBuildFile; fileRef = 7165D464146B4EA100DE2F0E /* AppDelegate.m */; };
		7165D46D146B4EA100DE2F0E /* SenTestingKit.framework in Frameworks */ = {isa = PBXBuildFile; fileRef = 7165D46C146B4EA100DE2F0E /* SenTestingKit.framework */; };
		7165D46E146B4EA100DE2F0E /* UIKit.framework in Frameworks */ = {isa = PBXBuildFile; fileRef = 7165D454146B4EA100DE2F0E /* UIKit.framework */; };
		7165D46F146B4EA100DE2F0E /* Foundation.framework in Frameworks */ = {isa = PBXBuildFile; fileRef = 7165D456146B4EA100DE2F0E /* Foundation.framework */; };
		7D717CA9D357597EF1FF2774 /* Foundation.framework in Frameworks */ = {isa = PBXBuildFile; fileRef = 7165D456146B4EA100DE2F0E /* Foundation.framework */; };
		80089621450124F06B08F412 /* AppDelegate.m in Sources */ = {isa = PBXBuildFile; fileRef = 7165D464146B4EA100DE2F0E /* AppDelegate.m */; };
		9C7D2C9F6D5E18CB216C01D9 /* InfoPlist.strings in Resources */ = {isa = PBXBuildFile; fileRef = 14178DD0049F392FE2B4AE9C /* InfoPlist.strings */; };
		AD008D7235CB4B9B0E13DCD2 /* Cedar-iPhone.framework in Frameworks */ = {isa = PBXBuildFile; fileRef = 104BB96CB0BED4A4583BC461 /* Cedar-iPhone.framework */; };
		B5B10BA312BA1DC0044F43D3 /* TestProject-Prefix.pch in Headers */ = {isa = PBXBuildFile; fileRef = 7165D462146B4EA100DE2F0E /* TestProject-Prefix.pch */; };
		C53C4507C4848313D64EE1DA /* main.m in Sources */ = {isa = PBXBuildFile; fileRef = FC4692987FB55060D41DD399 /* main.m */; };
		FD70EF95A64C6CF15FFAA614 /* Foundation.framework in Frameworks */ = {isa = PBXBuildFile; fileRef = 7165D456146B4EA100DE2F0E /* Foundation.framework */; };
/* End PBXBuildFile section */

/* Begin PBXContainerItemProxy section */
		7165D470146B4EA100DE2F0E /* PBXContainerItemProxy */ = {
			isa = PBXContainerItemProxy;
			containerPortal = 7165D447146B4EA100DE2F0E /* Project object */;
			proxyType = 1;
			remoteGlobalIDString = 7165D44F146B4EA100DE2F0E;
			remoteInfo = TestProject;
		};
/* End PBXContainerItemProxy section */

/* Begin PBXFileReference section */
		104BB96CB0BED4A4583BC461 /* Cedar-iPhone.framework */ = {isa = PBXFileReference; lastKnownFileType = wrapper.framework; name = "Cedar-iPhone.framework"; path = "Vendor/Frameworks/Cedar-iPhone.framework"; sourceTree = "<group>"; };
		1F07613D452161966AC98C1F /* Specs-Info.plist */ = {isa = PBXFileReference; lastKnownFileType = text.plist.xml; name = "Specs-Info.plist"; path = "Specs/Specs-Info.plist"; sourceTree = "<group>"; };
		630E8768C91375E025BDAB9D /* Specs.app */ = {isa = PBXFileReference; explicitFileType = wrapper.application; includeInIndex = 0; path = Specs.app; sourceTree = BUILT_PRODUCTS_DIR; };
		7147F907153E347700763224 /* ApplicationTests.octest */ = {isa = PBXFileReference; explicitFileType = wrapper.cfbundle; includeInIndex = 0; path = ApplicationTests.octest; sourceTree = BUILT_PRODUCTS_DIR; };
		7147F90D153E347700763224 /* ApplicationTests-Info.plist */ = {isa = PBXFileReference; lastKnownFileType = text.plist.xml; path = "ApplicationTests-Info.plist"; sourceTree = "<group>"; };
		7147F90F153E347700763224 /* en */ = {isa = PBXFileReference; lastKnownFileType = text.plist.strings; name = en; path = en.lproj/InfoPlist.strings; sourceTree = "<group>"; };
		7147F911153E347700763224 /* ApplicationTests.h */ = {isa = PBXFileReference; lastKnownFileType = sourcecode.c.h; path = ApplicationTests.h; sourceTree = "<group>"; };
		7147F912153E347700763224 /* ApplicationTests.m */ = {isa = PBXFileReference; lastKnownFileType = sourcecode.c.objc; path = ApplicationTests.m; sourceTree = "<group>"; };
		7147F914153E347700763224 /* ApplicationTests-Prefix.pch */ = {isa = PBXFileReference; lastKnownFileType = sourcecode.c.h; path = "ApplicationTests-Prefix.pch"; sourceTree = "<group>"; };
		7147F919153E34F900763224 /* AnotherTest.h */ = {isa = PBXFileReference; fileEncoding = 4; lastKnownFileType = sourcecode.c.h; path = AnotherTest.h; sourceTree = "<group>"; };
		7147F91A153E34F900763224 /* AnotherTest.m */ = {isa = PBXFileReference; fileEncoding = 4; lastKnownFileType = sourcecode.c.objc; path = AnotherTest.m; sourceTree = "<group>"; };
		7147F91C153E34F900763224 /* en */ = {isa = PBXFileReference; lastKnownFileType = text.plist.strings; name = en; path = en.lproj/InfoPlist.strings; sourceTree = "<group>"; };
		7147F91D153E34F900763224 /* TestProjectTests-Info.plist */ = {isa = PBXFileReference; fileEncoding = 4; lastKnownFileType = text.plist.xml; path = "TestProjectTests-Info.plist"; sourceTree = "<group>"; };
		7147F91E153E34F900763224 /* TestProjectTests.h */ = {isa = PBXFileReference; fileEncoding = 4; lastKnownFileType = sourcecode.c.h; path = TestProjectTests.h; sourceTree = "<group>"; };
		7147F91F153E34F900763224 /* TestProjectTests.m */ = {isa = PBXFileReference; fileEncoding = 4; lastKnownFileType = sourcecode.c.objc; path = TestProjectTests.m; sourceTree = "<group>"; };
		7165D450146B4EA100DE2F0E /* TestProject.app */ = {isa = PBXFileReference; explicitFileType = wrapper.application; includeInIndex = 0; path = TestProject.app; sourceTree = BUILT_PRODUCTS_DIR; };
		7165D454146B4EA100DE2F0E /* UIKit.framework */ = {isa = PBXFileReference; lastKnownFileType = wrapper.framework; name = UIKit.framework; path = System/Library/Frameworks/UIKit.framework; sourceTree = SDKROOT; };
		7165D456146B4EA100DE2F0E /* Foundation.framework */ = {isa = PBXFileReference; lastKnownFileType = wrapper.framework; name = Foundation.framework; path = System/Library/Frameworks/Foundation.framework; sourceTree = SDKROOT; };
		7165D458146B4EA100DE2F0E /* CoreGraphics.framework */ = {isa = PBXFileReference; lastKnownFileType = wrapper.framework; name = CoreGraphics.framework; path = System/Library/Frameworks/CoreGraphics.framework; sourceTree = SDKROOT; };
		7165D45C146B4EA100DE2F0E /* TestProject-Info.plist */ = {isa = PBXFileReference; lastKnownFileType = text.plist.xml; path = "TestProject-Info.plist"; sourceTree = "<group>"; };
		7165D45E146B4EA100DE2F0E /* en */ = {isa = PBXFileReference; lastKnownFileType = text.plist.strings; name = en; path = en.lproj/InfoPlist.strings; sourceTree = "<group>"; };
		7165D460146B4EA100DE2F0E /* main.m */ = {isa = PBXFileReference; lastKnownFileType = sourcecode.c.objc; path = main.m; sourceTree = "<group>"; };
		7165D462146B4EA100DE2F0E /* TestProject-Prefix.pch */ = {isa = PBXFileReference; lastKnownFileType = sourcecode.c.h; path = "TestProject-Prefix.pch"; sourceTree = "<group>"; };
		7165D463146B4EA100DE2F0E /* AppDelegate.h */ = {isa = PBXFileReference; lastKnownFileType = sourcecode.c.h; path = AppDelegate.h; sourceTree = "<group>"; };
		7165D464146B4EA100DE2F0E /* AppDelegate.m */ = {isa = PBXFileReference; lastKnownFileType = sourcecode.c.objc; path = AppDelegate.m; sourceTree = "<group>"; };
		7165D46B146B4EA100DE2F0E /* LogicTests.octest */ = {isa = PBXFileReference; explicitFileType = wrapper.cfbundle; includeInIndex = 0; path = LogicTests.octest; sourceTree = BUILT_PRODUCTS_DIR; };
		7165D46C146B4EA100DE2F0E /* SenTestingKit.framework */ = {isa = PBXFileReference; lastKnownFileType = wrapper.framework; name = SenTestingKit.framework; path = Library/Frameworks/SenTestingKit.framework; sourceTree = DEVELOPER_DIR; };
		717D8FDF4C30423AAB350467 /* Specs.app */ = {isa = PBXFileReference; explicitFileType = wrapper.application; includeInIndex = 0; path = Specs.app; sourceTree = BUILT_PRODUCTS_DIR; };
		BDAED3EC56B5CE731E41706B /* Specs-Prefix.pch */ = {isa = PBXFileReference; lastKnownFileType = sourcecode.c.h; name = "Specs-Prefix.pch"; path = "Specs/Specs-Prefix.pch"; sourceTree = "<group>"; };
		E6753DC550573D143A9FEC12 /* en */ = {isa = PBXFileReference; lastKnownFileType = text.plist.strings; name = en; path = en.lproj/InfoPlist.strings; sourceTree = "<group>"; };
		FC4692987FB55060D41DD399 /* main.m */ = {isa = PBXFileReference; lastKnownFileType = sourcecode.c.objc; name = main.m; path = Specs/main.m; sourceTree = "<group>"; };
/* End PBXFileReference section */

/* Begin PBXFrameworksBuildPhase section */
		7147F903153E347700763224 /* Frameworks */ = {
			isa = PBXFrameworksBuildPhase;
			buildActionMask = 2147483647;
			files = (
				7147F908153E347700763224 /* SenTestingKit.framework in Frameworks */,
				7147F909153E347700763224 /* UIKit.framework in Frameworks */,
				7147F90A153E347700763224 /* Foundation.framework in Frameworks */,
			);
			runOnlyForDeploymentPostprocessing = 0;
		};
		7165D44D146B4EA100DE2F0E /* Frameworks */ = {
			isa = PBXFrameworksBuildPhase;
			buildActionMask = 2147483647;
			files = (
				7165D455146B4EA100DE2F0E /* UIKit.framework in Frameworks */,
				7165D457146B4EA100DE2F0E /* Foundation.framework in Frameworks */,
				7165D459146B4EA100DE2F0E /* CoreGraphics.framework in Frameworks */,
			);
			runOnlyForDeploymentPostprocessing = 0;
		};
		7165D467146B4EA100DE2F0E /* Frameworks */ = {
			isa = PBXFrameworksBuildPhase;
			buildActionMask = 2147483647;
			files = (
				7165D46D146B4EA100DE2F0E /* SenTestingKit.framework in Frameworks */,
				7165D46E146B4EA100DE2F0E /* UIKit.framework in Frameworks */,
				7165D46F146B4EA100DE2F0E /* Foundation.framework in Frameworks */,
			);
			runOnlyForDeploymentPostprocessing = 0;
		};
		F01B10057811BCE7522626C5 /* Frameworks */ = {
			isa = PBXFrameworksBuildPhase;
			buildActionMask = 2147483647;
			files = (
				AD008D7235CB4B9B0E13DCD2 /* Cedar-iPhone.framework in Frameworks */,
				2128AEA5484ED301AE0D3F47 /* UIKit.framework in Frameworks */,
				7D717CA9D357597EF1FF2774 /* Foundation.framework in Frameworks */,
				22AF45D4BE9DDDB3D6166425 /* CoreGraphics.framework in Frameworks */,
			);
			runOnlyForDeploymentPostprocessing = 0;
		};
		FEE9A62A759B1FFE1A905731 /* Frameworks */ = {
			isa = PBXFrameworksBuildPhase;
			buildActionMask = 2147483647;
			files = (
				2574D65B0D2FFDB5D0372B4A /* UIKit.framework in Frameworks */,
				FD70EF95A64C6CF15FFAA614 /* Foundation.framework in Frameworks */,
				28C60920A77AB174A952864D /* CoreGraphics.framework in Frameworks */,
			);
			runOnlyForDeploymentPostprocessing = 0;
		};
/* End PBXFrameworksBuildPhase section */

/* Begin PBXGroup section */
		42C6306B0C4EF0451E08B222 /* Vendor */ = {
			isa = PBXGroup;
			children = (
			);
			name = Vendor;
			sourceTree = "<group>";
		};
		6EB49C59EFBEF56B01A23607 /* SupportingFiles */ = {
			isa = PBXGroup;
			children = (
				FC4692987FB55060D41DD399 /* main.m */,
				1F07613D452161966AC98C1F /* Specs-Info.plist */,
				14178DD0049F392FE2B4AE9C /* InfoPlist.strings */,
				BDAED3EC56B5CE731E41706B /* Specs-Prefix.pch */,
			);
			name = SupportingFiles;
			sourceTree = "<group>";
		};
		7147F90B153E347700763224 /* ApplicationTests */ = {
			isa = PBXGroup;
			children = (
				7147F911153E347700763224 /* ApplicationTests.h */,
				7147F912153E347700763224 /* ApplicationTests.m */,
				7147F90C153E347700763224 /* Supporting Files */,
			);
			path = ApplicationTests;
			sourceTree = "<group>";
		};
		7147F90C153E347700763224 /* Supporting Files */ = {
			isa = PBXGroup;
			children = (
				7147F90D153E347700763224 /* ApplicationTests-Info.plist */,
				7147F90E153E347700763224 /* InfoPlist.strings */,
				7147F914153E347700763224 /* ApplicationTests-Prefix.pch */,
			);
			name = "Supporting Files";
			sourceTree = "<group>";
		};
		7147F918153E34F900763224 /* LogicTests */ = {
			isa = PBXGroup;
			children = (
				7147F924153E350400763224 /* Supporting Files */,
				7147F919153E34F900763224 /* AnotherTest.h */,
				7147F91A153E34F900763224 /* AnotherTest.m */,
				7147F91E153E34F900763224 /* TestProjectTests.h */,
				7147F91F153E34F900763224 /* TestProjectTests.m */,
			);
			path = LogicTests;
			sourceTree = "<group>";
		};
		7147F924153E350400763224 /* Supporting Files */ = {
			isa = PBXGroup;
			children = (
				7147F91B153E34F900763224 /* InfoPlist.strings */,
				7147F91D153E34F900763224 /* TestProjectTests-Info.plist */,
			);
			name = "Supporting Files";
			sourceTree = "<group>";
		};
		7165D445146B4EA100DE2F0E = {
			isa = PBXGroup;
			children = (
				7165D45A146B4EA100DE2F0E /* TestProject */,
				7147F918153E34F900763224 /* LogicTests */,
				7147F90B153E347700763224 /* ApplicationTests */,
				7165D453146B4EA100DE2F0E /* Frameworks */,
				7165D451146B4EA100DE2F0E /* Products */,
				AC5709608A4B604B2A62F693 /* Specs */,
				42C6306B0C4EF0451E08B222 /* Vendor */,
			);
			sourceTree = "<group>";
		};
		7165D451146B4EA100DE2F0E /* Products */ = {
			isa = PBXGroup;
			children = (
				7165D450146B4EA100DE2F0E /* TestProject.app */,
				7165D46B146B4EA100DE2F0E /* LogicTests.octest */,
				630E8768C91375E025BDAB9D /* Specs.app */,
				7147F907153E347700763224 /* ApplicationTests.octest */,
				717D8FDF4C30423AAB350467 /* Specs.app */,
			);
			name = Products;
			sourceTree = "<group>";
		};
		7165D453146B4EA100DE2F0E /* Frameworks */ = {
			isa = PBXGroup;
			children = (
				7165D454146B4EA100DE2F0E /* UIKit.framework */,
				7165D456146B4EA100DE2F0E /* Foundation.framework */,
				7165D458146B4EA100DE2F0E /* CoreGraphics.framework */,
				7165D46C146B4EA100DE2F0E /* SenTestingKit.framework */,
				104BB96CB0BED4A4583BC461 /* Cedar-iPhone.framework */,
			);
			name = Frameworks;
			sourceTree = "<group>";
		};
		7165D45A146B4EA100DE2F0E /* TestProject */ = {
			isa = PBXGroup;
			children = (
				7165D463146B4EA100DE2F0E /* AppDelegate.h */,
				7165D464146B4EA100DE2F0E /* AppDelegate.m */,
				7165D45B146B4EA100DE2F0E /* Supporting Files */,
			);
			path = TestProject;
			sourceTree = "<group>";
		};
		7165D45B146B4EA100DE2F0E /* Supporting Files */ = {
			isa = PBXGroup;
			children = (
				7165D45C146B4EA100DE2F0E /* TestProject-Info.plist */,
				7165D45D146B4EA100DE2F0E /* InfoPlist.strings */,
				7165D460146B4EA100DE2F0E /* main.m */,
				7165D462146B4EA100DE2F0E /* TestProject-Prefix.pch */,
			);
			name = "Supporting Files";
			sourceTree = "<group>";
		};
		AC5709608A4B604B2A62F693 /* Specs */ = {
			isa = PBXGroup;
			children = (
				6EB49C59EFBEF56B01A23607 /* SupportingFiles */,
			);
			name = Specs;
			sourceTree = "<group>";
		};
/* End PBXGroup section */

/* Begin PBXHeadersBuildPhase section */
		E137863310846ED24931C695 /* Headers */ = {
			isa = PBXHeadersBuildPhase;
			buildActionMask = 2147483647;
			files = (
				3953DBAC25E75B57D6DED522 /* AppDelegate.h in Headers */,
				B5B10BA312BA1DC0044F43D3 /* TestProject-Prefix.pch in Headers */,
			);
			runOnlyForDeploymentPostprocessing = 0;
		};
/* End PBXHeadersBuildPhase section */

/* Begin PBXNativeTarget section */
		566BEB5DE68C5E88642EF09E /* Specs */ = {
			isa = PBXNativeTarget;
			buildConfigurationList = 4E978B8B93F56FB06E5BFBCA /* Build configuration list for PBXNativeTarget "Specs" */;
			buildPhases = (
				0EDFE5575605ACDF9AA1B804 /* Sources */,
				EDC03EB77E9B48B88E3E054E /* Resources */,
				F01B10057811BCE7522626C5 /* Frameworks */,
			);
			buildRules = (
			);
			dependencies = (
			);
			name = Specs;
			productName = Specs;
			productType = "com.apple.product-type.application";
		};
		65AB32971E4767F5B3F12FF7 /* Library */ = {
			isa = PBXNativeTarget;
			buildConfigurationList = 321235C2FF8A1C5D8F0BF226 /* Build configuration list for PBXNativeTarget "Library" */;
			buildPhases = (
				535D4B8B1C8252BDF5D0555D /* Sources */,
				E137863310846ED24931C695 /* Headers */,
			);
			buildRules = (
			);
			dependencies = (
			);
			name = Library;
			productName = "";
			productType = "com.apple.product-type.bundle";
		};
		7147F906153E347700763224 /* ApplicationTests */ = {
			isa = PBXNativeTarget;
			buildConfigurationList = 7147F915153E347700763224 /* Build configuration list for PBXNativeTarget "ApplicationTests" */;
			buildPhases = (
				7147F902153E347700763224 /* Sources */,
				7147F903153E347700763224 /* Frameworks */,
				7147F904153E347700763224 /* Resources */,
				7147F905153E347700763224 /* ShellScript */,
			);
			buildRules = (
			);
			dependencies = (
			);
			name = ApplicationTests;
			productName = ApplicationTests;
			productReference = 7147F907153E347700763224 /* ApplicationTests.octest */;
			productType = "com.apple.product-type.bundle";
		};
		7165D44F146B4EA100DE2F0E /* TestProject */ = {
			isa = PBXNativeTarget;
			buildConfigurationList = 7165D47D146B4EA100DE2F0E /* Build configuration list for PBXNativeTarget "TestProject" */;
			buildPhases = (
				7165D44C146B4EA100DE2F0E /* Sources */,
				7165D44D146B4EA100DE2F0E /* Frameworks */,
				7165D44E146B4EA100DE2F0E /* Resources */,
			);
			buildRules = (
			);
			dependencies = (
			);
			name = TestProject;
			productName = TestProject;
			productReference = 7165D450146B4EA100DE2F0E /* TestProject.app */;
			productType = "com.apple.product-type.application";
		};
		7165D46A146B4EA100DE2F0E /* LogicTests */ = {
			isa = PBXNativeTarget;
			buildConfigurationList = 7165D480146B4EA100DE2F0E /* Build configuration list for PBXNativeTarget "LogicTests" */;
			buildPhases = (
				7165D466146B4EA100DE2F0E /* Sources */,
				7165D467146B4EA100DE2F0E /* Frameworks */,
				7165D468146B4EA100DE2F0E /* Resources */,
				7165D469146B4EA100DE2F0E /* ShellScript */,
			);
			buildRules = (
			);
			dependencies = (
				7165D471146B4EA100DE2F0E /* PBXTargetDependency */,
			);
			name = LogicTests;
			productName = TestProjectTests;
			productReference = 7165D46B146B4EA100DE2F0E /* LogicTests.octest */;
			productType = "com.apple.product-type.bundle";
		};
		D111C141DDDD1009668E310E /* Specs */ = {
			isa = PBXNativeTarget;
			buildConfigurationList = C93D39FEB82CC9442CE94908 /* Build configuration list for PBXNativeTarget "Specs" */;
			buildPhases = (
				DDF08A769D3B5B518C166AC6 /* Sources */,
				57F7ADA229AE63B1ADB8DA79 /* Resources */,
				FEE9A62A759B1FFE1A905731 /* Frameworks */,
			);
			buildRules = (
			);
			dependencies = (
			);
			name = Specs;
			productName = Specs;
			productType = "com.apple.product-type.application";
		};
/* End PBXNativeTarget section */

/* Begin PBXProject section */
		7165D447146B4EA100DE2F0E /* Project object */ = {
			isa = PBXProject;
			attributes = {
				LastUpgradeCheck = 0420;
			};
			buildConfigurationList = 7165D44A146B4EA100DE2F0E /* Build configuration list for PBXProject "TestProject" */;
			compatibilityVersion = "Xcode 3.2";
			developmentRegion = English;
			hasScannedForEncodings = 0;
			knownRegions = (
				en,
			);
			mainGroup = 7165D445146B4EA100DE2F0E;
			productRefGroup = 7165D451146B4EA100DE2F0E /* Products */;
			projectDirPath = "";
			projectRoot = "";
			targets = (
				7165D44F146B4EA100DE2F0E /* TestProject */,
				7165D46A146B4EA100DE2F0E /* LogicTests */,
				D111C141DDDD1009668E310E /* Specs */,
				7147F906153E347700763224 /* ApplicationTests */,
				566BEB5DE68C5E88642EF09E /* Specs */,
				65AB32971E4767F5B3F12FF7 /* Library */,
				58214545BF6DA702353B3F50 /* Universal Library */,
			);
		};
/* End PBXProject section */

/* Begin PBXResourcesBuildPhase section */
		57F7ADA229AE63B1ADB8DA79 /* Resources */ = {
			isa = PBXResourcesBuildPhase;
			buildActionMask = 2147483647;
			files = (
			);
			runOnlyForDeploymentPostprocessing = 0;
		};
		7147F904153E347700763224 /* Resources */ = {
			isa = PBXResourcesBuildPhase;
			buildActionMask = 2147483647;
			files = (
				7147F910153E347700763224 /* InfoPlist.strings in Resources */,
			);
			runOnlyForDeploymentPostprocessing = 0;
		};
		7165D44E146B4EA100DE2F0E /* Resources */ = {
			isa = PBXResourcesBuildPhase;
			buildActionMask = 2147483647;
			files = (
				7165D45F146B4EA100DE2F0E /* InfoPlist.strings in Resources */,
			);
			runOnlyForDeploymentPostprocessing = 0;
		};
		7165D468146B4EA100DE2F0E /* Resources */ = {
			isa = PBXResourcesBuildPhase;
			buildActionMask = 2147483647;
			files = (
				7147F921153E34F900763224 /* InfoPlist.strings in Resources */,
				7147F922153E34F900763224 /* TestProjectTests-Info.plist in Resources */,
			);
			runOnlyForDeploymentPostprocessing = 0;
		};
		EDC03EB77E9B48B88E3E054E /* Resources */ = {
			isa = PBXResourcesBuildPhase;
			buildActionMask = 2147483647;
			files = (
				9C7D2C9F6D5E18CB216C01D9 /* InfoPlist.strings in Resources */,
			);
			runOnlyForDeploymentPostprocessing = 0;
		};
/* End PBXResourcesBuildPhase section */

/* Begin PBXShellScriptBuildPhase section */
		5F4CA7851E60DB3BE876D033 /* ShellScript */ = {
			isa = PBXShellScriptBuildPhase;
			buildActionMask = 2147483647;
			files = (
			);
			inputPaths = (
			);
			outputPaths = (
			);
			runOnlyForDeploymentPostprocessing = 0;
			shellPath = /bin/sh;
			shellScript = "# Sets the target folders and the final framework product.\nFMK_NAME=Library\nFMK_VERSION=A\n\n# Install dir will be the final output to the framework.\n# The following line create it in the root folder of the current project.\nINSTALL_DIR=${SRCROOT}/Products/${FMK_NAME}.framework\n\n# Working dir will be deleted after the framework creation.\nWRK_DIR=build\nDEVICE_DIR=${WRK_DIR}/Release-iphoneos/${FMK_NAME}.framework\nSIMULATOR_DIR=${WRK_DIR}/Release-iphonesimulator/${FMK_NAME}.framework\n\n# Building both architectures.\nxcodebuild -configuration \"Release\" -target \"${FMK_NAME}\" -sdk iphoneos\nxcodebuild -configuration \"Release\" -target \"${FMK_NAME}\" -sdk iphonesimulator\n\n# Cleaning the oldest.\nif [ -d \"${INSTALL_DIR}\" ]\nthen\nrm -rf \"${INSTALL_DIR}\"\nfi\n\n# Creates and renews the final product folder.\nmkdir -p \"${INSTALL_DIR}\"\nmkdir -p \"${INSTALL_DIR}/Versions\"\nmkdir -p \"${INSTALL_DIR}/Versions/${FMK_VERSION}\"\nmkdir -p \"${INSTALL_DIR}/Versions/${FMK_VERSION}/Resources\"\nmkdir -p \"${INSTALL_DIR}/Versions/${FMK_VERSION}/Headers\"\n\n# Creates the internal links.\n# It MUST uses relative path, otherwise will not work when the folder is copied/moved.\nln -s \"${FMK_VERSION}\" \"${INSTALL_DIR}/Versions/Current\"\nln -s \"Versions/Current/Headers\" \"${INSTALL_DIR}/Headers\"\nln -s \"Versions/Current/Resources\" \"${INSTALL_DIR}/Resources\"\nln -s \"Versions/Current/${FMK_NAME}\" \"${INSTALL_DIR}/${FMK_NAME}\"\n\n# Copies the headers and resources files to the final product folder.\ncp -R \"${DEVICE_DIR}/Headers/\" \"${INSTALL_DIR}/Versions/${FMK_VERSION}/Headers/\"\ncp -R \"${DEVICE_DIR}/\" \"${INSTALL_DIR}/Versions/${FMK_VERSION}/Resources/\"\n\n# Removes the binary and header from the resources folder.\nrm -r \"${INSTALL_DIR}/Versions/${FMK_VERSION}/Resources/Headers\" \"${INSTALL_DIR}/Versions/${FMK_VERSION}/Resources/${FMK_NAME}\"\n\n# Uses the Lipo Tool to merge both binary files (i386 + armv6/armv7) into one Universal final product.\nlipo -create \"${DEVICE_DIR}/${FMK_NAME}\" \"${SIMULATOR_DIR}/${FMK_NAME}\" -output \"${INSTALL_DIR}/Versions/${FMK_VERSION}/${FMK_NAME}\"\n\nrm -r \"${WRK_DIR}\"";
		};
		7147F905153E347700763224 /* ShellScript */ = {
			isa = PBXShellScriptBuildPhase;
			buildActionMask = 2147483647;
			files = (
			);
			inputPaths = (
			);
			outputPaths = (
			);
			runOnlyForDeploymentPostprocessing = 0;
			shellPath = /bin/sh;
			shellScript = "# Run the unit tests in this test bundle.\n\"${SYSTEM_DEVELOPER_DIR}/Tools/RunUnitTests\"\n";
		};
		7165D469146B4EA100DE2F0E /* ShellScript */ = {
			isa = PBXShellScriptBuildPhase;
			buildActionMask = 2147483647;
			files = (
			);
			inputPaths = (
			);
			outputPaths = (
			);
			runOnlyForDeploymentPostprocessing = 0;
			shellPath = /bin/sh;
			shellScript = "# Run the unit tests in this test bundle.\n\"${SYSTEM_DEVELOPER_DIR}/Tools/RunUnitTests\"\n";
		};
/* End PBXShellScriptBuildPhase section */

/* Begin PBXSourcesBuildPhase section */
		0EDFE5575605ACDF9AA1B804 /* Sources */ = {
			isa = PBXSourcesBuildPhase;
			buildActionMask = 2147483647;
			files = (
				C53C4507C4848313D64EE1DA /* main.m in Sources */,
			);
			runOnlyForDeploymentPostprocessing = 0;
		};
		535D4B8B1C8252BDF5D0555D /* Sources */ = {
			isa = PBXSourcesBuildPhase;
			buildActionMask = 2147483647;
			files = (
				80089621450124F06B08F412 /* AppDelegate.m in Sources */,
			);
			runOnlyForDeploymentPostprocessing = 0;
		};
		7147F902153E347700763224 /* Sources */ = {
			isa = PBXSourcesBuildPhase;
			buildActionMask = 2147483647;
			files = (
				7147F913153E347700763224 /* ApplicationTests.m in Sources */,
			);
			runOnlyForDeploymentPostprocessing = 0;
		};
		7165D44C146B4EA100DE2F0E /* Sources */ = {
			isa = PBXSourcesBuildPhase;
			buildActionMask = 2147483647;
			files = (
				7165D461146B4EA100DE2F0E /* main.m in Sources */,
				7165D465146B4EA100DE2F0E /* AppDelegate.m in Sources */,
			);
			runOnlyForDeploymentPostprocessing = 0;
		};
		7165D466146B4EA100DE2F0E /* Sources */ = {
			isa = PBXSourcesBuildPhase;
			buildActionMask = 2147483647;
			files = (
				7147F920153E34F900763224 /* AnotherTest.m in Sources */,
				7147F923153E34F900763224 /* TestProjectTests.m in Sources */,
			);
			runOnlyForDeploymentPostprocessing = 0;
		};
		DDF08A769D3B5B518C166AC6 /* Sources */ = {
			isa = PBXSourcesBuildPhase;
			buildActionMask = 2147483647;
			files = (
			);
			runOnlyForDeploymentPostprocessing = 0;
		};
/* End PBXSourcesBuildPhase section */

/* Begin PBXTargetDependency section */
		7165D471146B4EA100DE2F0E /* PBXTargetDependency */ = {
			isa = PBXTargetDependency;
			target = 7165D44F146B4EA100DE2F0E /* TestProject */;
			targetProxy = 7165D470146B4EA100DE2F0E /* PBXContainerItemProxy */;
		};
/* End PBXTargetDependency section */

/* Begin PBXVariantGroup section */
		14178DD0049F392FE2B4AE9C /* InfoPlist.strings */ = {
			isa = PBXVariantGroup;
			children = (
				E6753DC550573D143A9FEC12 /* en */,
			);
			name = InfoPlist.strings;
			path = Specs;
			sourceTree = "<group>";
		};
		7147F90E153E347700763224 /* InfoPlist.strings */ = {
			isa = PBXVariantGroup;
			children = (
				7147F90F153E347700763224 /* en */,
			);
			name = InfoPlist.strings;
			sourceTree = "<group>";
		};
		7147F91B153E34F900763224 /* InfoPlist.strings */ = {
			isa = PBXVariantGroup;
			children = (
				7147F91C153E34F900763224 /* en */,
			);
			name = InfoPlist.strings;
			sourceTree = "<group>";
		};
		7165D45D146B4EA100DE2F0E /* InfoPlist.strings */ = {
			isa = PBXVariantGroup;
			children = (
				7165D45E146B4EA100DE2F0E /* en */,
			);
			name = InfoPlist.strings;
			sourceTree = "<group>";
		};
/* End PBXVariantGroup section */

/* Begin XCBuildConfiguration section */
		36D643D000BCE3F365BECA4D /* Release */ = {
			isa = XCBuildConfiguration;
			buildSettings = {
				ALWAYS_SEARCH_USER_PATHS = NO;
				ARCHS = "$(ARCHS_STANDARD_32_BIT)";
				"CODE_SIGN_IDENTITY[sdk=>iphoneos*]" = "iPhone Developer";
				COPY_PHASE_STRIP = YES;
				FRAMEWORK_SEARCH_PATHS = (
					"$(inherited)",
					"\"$(SRCROOT)/Vendor/Frameworks\"",
				);
				GCC_C_LANGUAGE_STANDARD = gnu99;
				GCC_PRECOMPILE_PREFIX_HEADER = YES;
				GCC_PREFIX_HEADER = "Specs/Specs-Prefix.pch";
				GCC_VERSION = com.apple.compilers.llvm.clang.1_0;
				GCC_WARN_ABOUT_MISSING_PROTOTYPES = YES;
				GCC_WARN_ABOUT_RETURN_TYPE = YES;
				INFOPLIST_FILE = "Specs/Specs-Info.plist";
				IPHONEOS_DEPLOYMENT_TARGET = 5.0;
				OTHER_CFLAGS = "-DNS_BLOCK_ASSERTIONS=1";
				OTHER_LDFLAGS = (
					"-ObjC",
					"-all_load",
					"-lstdc++",
				);
				PRODUCT_NAME = "$(TARGET_NAME)";
				SDKROOT = iphoneos;
				TARGETED_DEVICE_FAMILY = "1,2";
				VALIDATE_PRODUCT = YES;
				WRAPPER_EXTENSION = app;
			};
			name = Release;
		};
		5DD56BB92762B289DF3E48B5 /* Debug */ = {
			isa = XCBuildConfiguration;
			buildSettings = {
				ALWAYS_SEARCH_USER_PATHS = NO;
				ARCHS = "$(ARCHS_STANDARD_32_BIT)";
				"CODE_SIGN_IDENTITY[sdk=>iphoneos*]" = "iPhone Developer";
				COPY_PHASE_STRIP = YES;
				FRAMEWORK_SEARCH_PATHS = (
					"$(inherited)",
					"\"$(SRCROOT)/Vendor/Frameworks\"",
				);
				GCC_C_LANGUAGE_STANDARD = gnu99;
				GCC_PRECOMPILE_PREFIX_HEADER = YES;
				GCC_PREFIX_HEADER = "Specs/Specs-Prefix.pch";
				GCC_VERSION = com.apple.compilers.llvm.clang.1_0;
				GCC_WARN_ABOUT_MISSING_PROTOTYPES = YES;
				GCC_WARN_ABOUT_RETURN_TYPE = YES;
				INFOPLIST_FILE = "Specs/Specs-Info.plist";
				IPHONEOS_DEPLOYMENT_TARGET = 5.0;
				OTHER_CFLAGS = "-DNS_BLOCK_ASSERTIONS=1";
				OTHER_LDFLAGS = (
					"-ObjC",
					"-all_load",
					"-lstdc++",
				);
				PRODUCT_NAME = "$(TARGET_NAME)";
				SDKROOT = iphoneos;
				TARGETED_DEVICE_FAMILY = "1,2";
				VALIDATE_PRODUCT = YES;
				WRAPPER_EXTENSION = app;
			};
			name = Debug;
		};
		7147F916153E347700763224 /* Debug */ = {
			isa = XCBuildConfiguration;
			buildSettings = {
				BUNDLE_LOADER = "$(BUILT_PRODUCTS_DIR)/TestProject.app/TestProject";
				CLANG_ENABLE_OBJC_ARC = YES;
				FRAMEWORK_SEARCH_PATHS = (
					"$(SDKROOT)/Developer/Library/Frameworks",
					"$(DEVELOPER_LIBRARY_DIR)/Frameworks",
				);
				GCC_PRECOMPILE_PREFIX_HEADER = YES;
				GCC_PREFIX_HEADER = "ApplicationTests/ApplicationTests-Prefix.pch";
				GCC_WARN_UNINITIALIZED_AUTOS = YES;
				INFOPLIST_FILE = "ApplicationTests/ApplicationTests-Info.plist";
				IPHONEOS_DEPLOYMENT_TARGET = 5.1;
				PRODUCT_NAME = "$(TARGET_NAME)";
				TEST_HOST = "$(BUNDLE_LOADER)";
				WRAPPER_EXTENSION = octest;
			};
			name = Debug;
		};
		7147F917153E347700763224 /* Release */ = {
			isa = XCBuildConfiguration;
			buildSettings = {
				CLANG_ENABLE_OBJC_ARC = YES;
				FRAMEWORK_SEARCH_PATHS = (
					"$(SDKROOT)/Developer/Library/Frameworks",
					"$(DEVELOPER_LIBRARY_DIR)/Frameworks",
				);
				GCC_PRECOMPILE_PREFIX_HEADER = YES;
				GCC_PREFIX_HEADER = "ApplicationTests/ApplicationTests-Prefix.pch";
				GCC_WARN_UNINITIALIZED_AUTOS = YES;
				INFOPLIST_FILE = "ApplicationTests/ApplicationTests-Info.plist";
				IPHONEOS_DEPLOYMENT_TARGET = 5.1;
				PRODUCT_NAME = "$(TARGET_NAME)";
				WRAPPER_EXTENSION = octest;
			};
			name = Release;
		};
		7165D47B146B4EA100DE2F0E /* Debug */ = {
			isa = XCBuildConfiguration;
			buildSettings = {
				ALWAYS_SEARCH_USER_PATHS = NO;
				ARCHS = "$(ARCHS_STANDARD_32_BIT)";
				"CODE_SIGN_IDENTITY[sdk=iphoneos*]" = "iPhone Developer";
				COPY_PHASE_STRIP = NO;
				GCC_C_LANGUAGE_STANDARD = gnu99;
				GCC_DYNAMIC_NO_PIC = NO;
				GCC_OPTIMIZATION_LEVEL = 0;
				GCC_PREPROCESSOR_DEFINITIONS = (
					"DEBUG=1",
					"$(inherited)",
				);
				GCC_SYMBOLS_PRIVATE_EXTERN = NO;
				GCC_VERSION = com.apple.compilers.llvm.clang.1_0;
				GCC_WARN_ABOUT_MISSING_PROTOTYPES = YES;
				GCC_WARN_ABOUT_RETURN_TYPE = YES;
				GCC_WARN_UNUSED_VARIABLE = YES;
				IPHONEOS_DEPLOYMENT_TARGET = 5.0;
				SDKROOT = iphoneos;
				TARGETED_DEVICE_FAMILY = "1,2";
			};
			name = Debug;
		};
		7165D47C146B4EA100DE2F0E /* Release */ = {
			isa = XCBuildConfiguration;
			buildSettings = {
				ALWAYS_SEARCH_USER_PATHS = NO;
				ARCHS = "$(ARCHS_STANDARD_32_BIT)";
				"CODE_SIGN_IDENTITY[sdk=iphoneos*]" = "iPhone Developer";
				COPY_PHASE_STRIP = YES;
				GCC_C_LANGUAGE_STANDARD = gnu99;
				GCC_VERSION = com.apple.compilers.llvm.clang.1_0;
				GCC_WARN_ABOUT_MISSING_PROTOTYPES = YES;
				GCC_WARN_ABOUT_RETURN_TYPE = YES;
				GCC_WARN_UNUSED_VARIABLE = YES;
				IPHONEOS_DEPLOYMENT_TARGET = 5.0;
				OTHER_CFLAGS = "-DNS_BLOCK_ASSERTIONS=1";
				SDKROOT = iphoneos;
				TARGETED_DEVICE_FAMILY = "1,2";
				VALIDATE_PRODUCT = YES;
			};
			name = Release;
		};
		7165D47E146B4EA100DE2F0E /* Debug */ = {
			isa = XCBuildConfiguration;
			buildSettings = {
				GCC_PRECOMPILE_PREFIX_HEADER = YES;
				GCC_PREFIX_HEADER = "TestProject/TestProject-Prefix.pch";
				INFOPLIST_FILE = "TestProject/TestProject-Info.plist";
				PRODUCT_NAME = "$(TARGET_NAME)";
				WRAPPER_EXTENSION = app;
			};
			name = Debug;
		};
		7165D47F146B4EA100DE2F0E /* Release */ = {
			isa = XCBuildConfiguration;
			buildSettings = {
				GCC_PRECOMPILE_PREFIX_HEADER = YES;
				GCC_PREFIX_HEADER = "TestProject/TestProject-Prefix.pch";
				INFOPLIST_FILE = "TestProject/TestProject-Info.plist";
				PRODUCT_NAME = "$(TARGET_NAME)";
				WRAPPER_EXTENSION = app;
			};
			name = Release;
		};
		7165D481146B4EA100DE2F0E /* Debug */ = {
			isa = XCBuildConfiguration;
			buildSettings = {
				BUNDLE_LOADER = "$(BUILT_PRODUCTS_DIR)/TestProject.app/TestProject";
				FRAMEWORK_SEARCH_PATHS = (
					"$(SDKROOT)/Developer/Library/Frameworks",
					"$(DEVELOPER_LIBRARY_DIR)/Frameworks",
				);
				GCC_PRECOMPILE_PREFIX_HEADER = YES;
				GCC_PREFIX_HEADER = "TestProject/TestProject-Prefix.pch";
				INFOPLIST_FILE = "LogicTests/TestProjectTests-Info.plist";
				PRODUCT_NAME = "$(TARGET_NAME)";
				TEST_HOST = "";
				WRAPPER_EXTENSION = octest;
			};
			name = Debug;
		};
		7165D482146B4EA100DE2F0E /* Release */ = {
			isa = XCBuildConfiguration;
			buildSettings = {
				BUNDLE_LOADER = "$(BUILT_PRODUCTS_DIR)/TestProject.app/TestProject";
				FRAMEWORK_SEARCH_PATHS = (
					"$(SDKROOT)/Developer/Library/Frameworks",
					"$(DEVELOPER_LIBRARY_DIR)/Frameworks",
				);
				GCC_PRECOMPILE_PREFIX_HEADER = YES;
				GCC_PREFIX_HEADER = "TestProject/TestProject-Prefix.pch";
				INFOPLIST_FILE = "LogicTests/TestProjectTests-Info.plist";
				PRODUCT_NAME = "$(TARGET_NAME)";
				TEST_HOST = "$(BUNDLE_LOADER)";
				WRAPPER_EXTENSION = octest;
			};
			name = Release;
		};
		904FB8B8EA1BE2A409F5B892 /* Release */ = {
			isa = XCBuildConfiguration;
			buildSettings = {
				ALWAYS_SEARCH_USER_PATHS = NO;
				ARCHS = (
					"$(ARCHS_STANDARD_32_BIT)",
					armv6,
				);
				"CODE_SIGN_IDENTITY[sdk=>iphoneos*]" = "iPhone Developer";
				COPY_PHASE_STRIP = YES;
				DEAD_CODE_STRIPPING = NO;
				DEBUG_INFORMATION_FORMAT = "dwarf-with-dsym";
				GCC_C_LANGUAGE_STANDARD = gnu99;
				GCC_ENABLE_OBJC_EXCEPTIONS = YES;
				GCC_GENERATE_DEBUGGING_SYMBOLS = NO;
				GCC_PRECOMPILE_PREFIX_HEADER = NO;
				GCC_PREFIX_HEADER = "";
				GCC_VERSION = com.apple.compilers.llvm.clang.1_0;
				GCC_WARN_64_TO_32_BIT_CONVERSION = YES;
				GCC_WARN_ABOUT_MISSING_PROTOTYPES = YES;
				GCC_WARN_ABOUT_RETURN_TYPE = YES;
				INFOPLIST_FILE = "";
				INSTALL_PATH = "$(LOCAL_LIBRARY_DIR)/Bundles";
				IPHONEOS_DEPLOYMENT_TARGET = 5.0;
				LINK_WITH_STANDARD_LIBRARIES = NO;
				MACH_O_TYPE = mh_object;
				MACOSX_DEPLOYMENT_TARGET = 10.7;
				OTHER_CFLAGS = "-DNS_BLOCK_ASSERTIONS=1";
				PRODUCT_NAME = "$(TARGET_NAME)";
				SDKROOT = iphoneos;
				TARGETED_DEVICE_FAMILY = "1,2";
				VALIDATE_PRODUCT = YES;
				VALID_ARCHS = "$(ARCHS_STANDARD_32_BIT)";
				WRAPPER_EXTENSION = framework;
			};
			name = Release;
		};
		9DD0F856744EE2F634D435BF /* Debug */ = {
			isa = XCBuildConfiguration;
			buildSettings = {
				ALWAYS_SEARCH_USER_PATHS = NO;
				ARCHS = "$(ARCHS_STANDARD_32_BIT)";
				"CODE_SIGN_IDENTITY[sdk=>iphoneos*]" = "iPhone Developer";
				COPY_PHASE_STRIP = YES;
				FRAMEWORK_SEARCH_PATHS = (
					"$(inherited)",
					"\"$(SRCROOT)/Vendor/Frameworks\"",
				);
				GCC_C_LANGUAGE_STANDARD = gnu99;
				GCC_PRECOMPILE_PREFIX_HEADER = YES;
				GCC_PREFIX_HEADER = "Specs/Specs-Prefix.pch";
				GCC_VERSION = com.apple.compilers.llvm.clang.1_0;
				GCC_WARN_ABOUT_MISSING_PROTOTYPES = YES;
				GCC_WARN_ABOUT_RETURN_TYPE = YES;
				INFOPLIST_FILE = "Specs/Specs-Info.plist";
				IPHONEOS_DEPLOYMENT_TARGET = 5.0;
				OTHER_CFLAGS = "-DNS_BLOCK_ASSERTIONS=1";
				OTHER_LDFLAGS = (
					"-ObjC",
					"-all_load",
					"-lstdc++",
				);
				PRODUCT_NAME = "$(TARGET_NAME)";
				SDKROOT = iphoneos;
				TARGETED_DEVICE_FAMILY = "1,2";
				VALIDATE_PRODUCT = YES;
				WRAPPER_EXTENSION = app;
			};
			name = Debug;
		};
		C4A2F7E596653FE7E40DEEA4 /* Release */ = {
			isa = XCBuildConfiguration;
			buildSettings = {
				ALWAYS_SEARCH_USER_PATHS = NO;
				ARCHS = "$(ARCHS_STANDARD_32_BIT)";
				"CODE_SIGN_IDENTITY[sdk=>iphoneos*]" = "iPhone Developer";
				COPY_PHASE_STRIP = YES;
				GCC_C_LANGUAGE_STANDARD = gnu99;
				GCC_PRECOMPILE_PREFIX_HEADER = YES;
				GCC_PREFIX_HEADER = "Release/Release-Prefix.pch";
				GCC_VERSION = com.apple.compilers.llvm.clang.1_0;
				GCC_WARN_ABOUT_MISSING_PROTOTYPES = YES;
				GCC_WARN_ABOUT_RETURN_TYPE = YES;
				INFOPLIST_FILE = "Release/Release-Info.plist";
				IPHONEOS_DEPLOYMENT_TARGET = 5.0;
				OTHER_CFLAGS = "-DNS_BLOCK_ASSERTIONS=1";
				PRODUCT_NAME = "$(TARGET_NAME)";
				SDKROOT = iphoneos;
				TARGETED_DEVICE_FAMILY = "1,2";
				VALIDATE_PRODUCT = YES;
				WRAPPER_EXTENSION = app;
			};
			name = Release;
		};
		F3367A702467F6782D255B43 /* Release */ = {
			isa = XCBuildConfiguration;
			buildSettings = {
				ALWAYS_SEARCH_USER_PATHS = NO;
				ARCHS = "$(ARCHS_STANDARD_32_BIT)";
				"CODE_SIGN_IDENTITY[sdk=>iphoneos*]" = "iPhone Developer";
				COPY_PHASE_STRIP = YES;
				FRAMEWORK_SEARCH_PATHS = (
					"$(inherited)",
					"\"$(SRCROOT)/Vendor/Frameworks\"",
				);
				GCC_C_LANGUAGE_STANDARD = gnu99;
				GCC_PRECOMPILE_PREFIX_HEADER = YES;
				GCC_PREFIX_HEADER = "Specs/Specs-Prefix.pch";
				GCC_VERSION = com.apple.compilers.llvm.clang.1_0;
				GCC_WARN_ABOUT_MISSING_PROTOTYPES = YES;
				GCC_WARN_ABOUT_RETURN_TYPE = YES;
				INFOPLIST_FILE = "Specs/Specs-Info.plist";
				IPHONEOS_DEPLOYMENT_TARGET = 5.0;
				OTHER_CFLAGS = "-DNS_BLOCK_ASSERTIONS=1";
				OTHER_LDFLAGS = (
					"-ObjC",
					"-all_load",
					"-lstdc++",
				);
				PRODUCT_NAME = "$(TARGET_NAME)";
				SDKROOT = iphoneos;
				TARGETED_DEVICE_FAMILY = "1,2";
				VALIDATE_PRODUCT = YES;
				WRAPPER_EXTENSION = app;
			};
			name = Release;
		};
/* End XCBuildConfiguration section */

/* Begin XCConfigurationList section */
		31C3DED5AEA103F02B771419 /* Build configuration list for PBXAggregateTarget "Universal Library" */ = {
			isa = XCConfigurationList;
			buildConfigurations = (
				C4A2F7E596653FE7E40DEEA4 /* Release */,
			);
			defaultConfigurationIsVisible = 0;
			defaultConfigurationName = "";
		};
		321235C2FF8A1C5D8F0BF226 /* Build configuration list for PBXNativeTarget "Library" */ = {
			isa = XCConfigurationList;
			buildConfigurations = (
				904FB8B8EA1BE2A409F5B892 /* Release */,
			);
			defaultConfigurationIsVisible = 0;
			defaultConfigurationName = "";
		};
		4E978B8B93F56FB06E5BFBCA /* Build configuration list for PBXNativeTarget "Specs" */ = {
			isa = XCConfigurationList;
			buildConfigurations = (
				5DD56BB92762B289DF3E48B5 /* Debug */,
				36D643D000BCE3F365BECA4D /* Release */,
			);
			defaultConfigurationIsVisible = 0;
			defaultConfigurationName = "";
		};
		7147F915153E347700763224 /* Build configuration list for PBXNativeTarget "ApplicationTests" */ = {
			isa = XCConfigurationList;
			buildConfigurations = (
				7147F916153E347700763224 /* Debug */,
				7147F917153E347700763224 /* Release */,
			);
			defaultConfigurationIsVisible = 0;
			defaultConfigurationName = Release;
		};
		7165D44A146B4EA100DE2F0E /* Build configuration list for PBXProject "TestProject" */ = {
			isa = XCConfigurationList;
			buildConfigurations = (
				7165D47B146B4EA100DE2F0E /* Debug */,
				7165D47C146B4EA100DE2F0E /* Release */,
			);
			defaultConfigurationIsVisible = 0;
			defaultConfigurationName = Release;
		};
		7165D47D146B4EA100DE2F0E /* Build configuration list for PBXNativeTarget "TestProject" */ = {
			isa = XCConfigurationList;
			buildConfigurations = (
				7165D47E146B4EA100DE2F0E /* Debug */,
				7165D47F146B4EA100DE2F0E /* Release */,
			);
			defaultConfigurationIsVisible = 0;
			defaultConfigurationName = Release;
		};
		7165D480146B4EA100DE2F0E /* Build configuration list for PBXNativeTarget "LogicTests" */ = {
			isa = XCConfigurationList;
			buildConfigurations = (
				7165D481146B4EA100DE2F0E /* Debug */,
				7165D482146B4EA100DE2F0E /* Release */,
			);
			defaultConfigurationIsVisible = 0;
			defaultConfigurationName = Release;
		};
		C93D39FEB82CC9442CE94908 /* Build configuration list for PBXNativeTarget "Specs" */ = {
			isa = XCConfigurationList;
			buildConfigurations = (
				9DD0F856744EE2F634D435BF /* Debug */,
				F3367A702467F6782D255B43 /* Release */,
			);
			defaultConfigurationIsVisible = 0;
			defaultConfigurationName = "";
		};
/* End XCConfigurationList section */
	};
	rootObject = 7165D447146B4EA100DE2F0E /* Project object */;
}
