// !$*UTF8*$!"
{
      "archiveVersion" = "1";
"classes" = {
      
    };
"objectVersion" = "46";
"objects" = {
      "2574D65B0D2FFDB5D0372B4A" = {
      "fileRef" = "7165D454146B4EA100DE2F0E";
"isa" = "PBXBuildFile";
    };
"28C60920A77AB174A952864D" = {
      "fileRef" = "7165D458146B4EA100DE2F0E";
"isa" = "PBXBuildFile";
    };
"57F7ADA229AE63B1ADB8DA79" = {
      "buildActionMask" = "2147483647";
"files" = (
      
    );
"isa" = "PBXResourcesBuildPhase";
"runOnlyForDeploymentPostprocessing" = "0";
    };
"630E8768C91375E025BDAB9D" = {
      "explicitFileType" = "wrapper.application";
"includeInIndex" = "0";
"isa" = "PBXFileReference";
"path" = "Specs.app";
"sourceTree" = "BUILT_PRODUCTS_DIR";
    };
"70F2C1C35C0D60D44412B5D5" = {
      "isa" = "PBXFileReference";
"lastKnownFileType" = "wrapper.framework";
"name" = "CFNetwork.framework";
"path" = "System/Library/Frameworks/CFNetwork.framework";
"sourceTree" = "SDKROOT";
    };
"7147F902153E347700763224" = {
      "buildActionMask" = "2147483647";
"files" = (
      "7147F913153E347700763224"
    );
"isa" = "PBXSourcesBuildPhase";
"runOnlyForDeploymentPostprocessing" = "0";
    };
"7147F903153E347700763224" = {
      "buildActionMask" = "2147483647";
"files" = (
      "7147F908153E347700763224",
"7147F909153E347700763224",
"7147F90A153E347700763224"
    );
"isa" = "PBXFrameworksBuildPhase";
"runOnlyForDeploymentPostprocessing" = "0";
    };
"7147F904153E347700763224" = {
      "buildActionMask" = "2147483647";
"files" = (
      "7147F910153E347700763224"
    );
"isa" = "PBXResourcesBuildPhase";
"runOnlyForDeploymentPostprocessing" = "0";
    };
"7147F905153E347700763224" = {
      "buildActionMask" = "2147483647";
"files" = (
      
    );
"inputPaths" = (
      
    );
"isa" = "PBXShellScriptBuildPhase";
"outputPaths" = (
      
    );
"runOnlyForDeploymentPostprocessing" = "0";
"shellPath" = "/bin/sh";
"shellScript" = "# Run the unit tests in this test bundle.\n\"${SYSTEM_DEVELOPER_DIR}/Tools/RunUnitTests\"\n";
    };
"7147F906153E347700763224" = {
      "buildConfigurationList" = "7147F915153E347700763224";
"buildPhases" = (
      "7147F902153E347700763224",
"7147F903153E347700763224",
"7147F904153E347700763224",
"7147F905153E347700763224"
    );
"buildRules" = (
      
    );
"dependencies" = (
      
    );
"isa" = "PBXNativeTarget";
"name" = "ApplicationTests";
"productName" = "ApplicationTests";
"productReference" = "7147F907153E347700763224";
"productType" = "com.apple.product-type.bundle";
    };
"7147F907153E347700763224" = {
      "explicitFileType" = "wrapper.cfbundle";
"includeInIndex" = "0";
"isa" = "PBXFileReference";
"path" = "ApplicationTests.octest";
"sourceTree" = "BUILT_PRODUCTS_DIR";
    };
"7147F908153E347700763224" = {
      "fileRef" = "7165D46C146B4EA100DE2F0E";
"isa" = "PBXBuildFile";
    };
"7147F909153E347700763224" = {
      "fileRef" = "7165D454146B4EA100DE2F0E";
"isa" = "PBXBuildFile";
    };
"7147F90A153E347700763224" = {
      "fileRef" = "7165D456146B4EA100DE2F0E";
"isa" = "PBXBuildFile";
    };
"7147F90B153E347700763224" = {
      "children" = (
      "7147F911153E347700763224",
"7147F912153E347700763224",
"7147F90C153E347700763224"
    );
"isa" = "PBXGroup";
"path" = "ApplicationTests";
"sourceTree" = "<group>";
    };
"7147F90C153E347700763224" = {
      "children" = (
      "7147F90D153E347700763224",
"7147F90E153E347700763224",
"7147F914153E347700763224"
    );
"isa" = "PBXGroup";
"name" = "Supporting Files";
"sourceTree" = "<group>";
    };
"7147F90D153E347700763224" = {
      "isa" = "PBXFileReference";
"lastKnownFileType" = "text.plist.xml";
"path" = "ApplicationTests-Info.plist";
"sourceTree" = "<group>";
    };
"7147F90E153E347700763224" = {
      "children" = (
      "7147F90F153E347700763224"
    );
"isa" = "PBXVariantGroup";
"name" = "InfoPlist.strings";
"sourceTree" = "<group>";
    };
"7147F90F153E347700763224" = {
      "isa" = "PBXFileReference";
"lastKnownFileType" = "text.plist.strings";
"name" = "en";
"path" = "en.lproj/InfoPlist.strings";
"sourceTree" = "<group>";
    };
"7147F910153E347700763224" = {
      "fileRef" = "7147F90E153E347700763224";
"isa" = "PBXBuildFile";
    };
"7147F911153E347700763224" = {
      "isa" = "PBXFileReference";
"lastKnownFileType" = "sourcecode.c.h";
"path" = "ApplicationTests.h";
"sourceTree" = "<group>";
    };
"7147F912153E347700763224" = {
      "isa" = "PBXFileReference";
"lastKnownFileType" = "sourcecode.c.objc";
"path" = "ApplicationTests.m";
"sourceTree" = "<group>";
    };
"7147F913153E347700763224" = {
      "fileRef" = "7147F912153E347700763224";
"isa" = "PBXBuildFile";
    };
"7147F914153E347700763224" = {
      "isa" = "PBXFileReference";
"lastKnownFileType" = "sourcecode.c.h";
"path" = "ApplicationTests-Prefix.pch";
"sourceTree" = "<group>";
    };
"7147F915153E347700763224" = {
      "buildConfigurations" = (
      "7147F916153E347700763224",
"7147F917153E347700763224"
    );
"defaultConfigurationIsVisible" = "0";
"isa" = "XCConfigurationList";
    };
"7147F916153E347700763224" = {
      "buildSettings" = {
      "BUNDLE_LOADER" = "$(BUILT_PRODUCTS_DIR)/TestProject.app/TestProject";
"CLANG_ENABLE_OBJC_ARC" = "YES";
"FRAMEWORK_SEARCH_PATHS" = (
      "$(SDKROOT)/Developer/Library/Frameworks",
"$(DEVELOPER_LIBRARY_DIR)/Frameworks"
    );
"GCC_PRECOMPILE_PREFIX_HEADER" = "YES";
"GCC_PREFIX_HEADER" = "ApplicationTests/ApplicationTests-Prefix.pch";
"GCC_WARN_UNINITIALIZED_AUTOS" = "YES";
"INFOPLIST_FILE" = "ApplicationTests/ApplicationTests-Info.plist";
"IPHONEOS_DEPLOYMENT_TARGET" = "5.1";
"PRODUCT_NAME" = "$(TARGET_NAME)";
"TEST_HOST" = "$(BUNDLE_LOADER)";
"WRAPPER_EXTENSION" = "octest";
    };
"isa" = "XCBuildConfiguration";
"name" = "Debug";
    };
"7147F917153E347700763224" = {
      "buildSettings" = {
      "CLANG_ENABLE_OBJC_ARC" = "YES";
"FRAMEWORK_SEARCH_PATHS" = (
      "$(SDKROOT)/Developer/Library/Frameworks",
"$(DEVELOPER_LIBRARY_DIR)/Frameworks"
    );
"GCC_PRECOMPILE_PREFIX_HEADER" = "YES";
"GCC_PREFIX_HEADER" = "ApplicationTests/ApplicationTests-Prefix.pch";
"GCC_WARN_UNINITIALIZED_AUTOS" = "YES";
"INFOPLIST_FILE" = "ApplicationTests/ApplicationTests-Info.plist";
"IPHONEOS_DEPLOYMENT_TARGET" = "5.1";
"PRODUCT_NAME" = "$(TARGET_NAME)";
"WRAPPER_EXTENSION" = "octest";
    };
"isa" = "XCBuildConfiguration";
"name" = "Release";
    };
"7147F918153E34F900763224" = {
      "children" = (
      "7147F924153E350400763224",
"7147F919153E34F900763224",
"7147F91A153E34F900763224",
"7147F91E153E34F900763224",
"7147F91F153E34F900763224"
    );
"isa" = "PBXGroup";
"path" = "LogicTests";
"sourceTree" = "<group>";
    };
"7147F919153E34F900763224" = {
      "fileEncoding" = "4";
"isa" = "PBXFileReference";
"lastKnownFileType" = "sourcecode.c.h";
"path" = "AnotherTest.h";
"sourceTree" = "<group>";
    };
"7147F91A153E34F900763224" = {
      "fileEncoding" = "4";
"isa" = "PBXFileReference";
"lastKnownFileType" = "sourcecode.c.objc";
"path" = "AnotherTest.m";
"sourceTree" = "<group>";
    };
"7147F91B153E34F900763224" = {
      "children" = (
      "7147F91C153E34F900763224"
    );
"isa" = "PBXVariantGroup";
"name" = "InfoPlist.strings";
"sourceTree" = "<group>";
    };
"7147F91C153E34F900763224" = {
      "isa" = "PBXFileReference";
"lastKnownFileType" = "text.plist.strings";
"name" = "en";
"path" = "en.lproj/InfoPlist.strings";
"sourceTree" = "<group>";
    };
"7147F91D153E34F900763224" = {
      "fileEncoding" = "4";
"isa" = "PBXFileReference";
"lastKnownFileType" = "text.plist.xml";
"path" = "TestProjectTests-Info.plist";
"sourceTree" = "<group>";
    };
"7147F91E153E34F900763224" = {
      "fileEncoding" = "4";
"isa" = "PBXFileReference";
"lastKnownFileType" = "sourcecode.c.h";
"path" = "TestProjectTests.h";
"sourceTree" = "<group>";
    };
"7147F91F153E34F900763224" = {
      "fileEncoding" = "4";
"isa" = "PBXFileReference";
"lastKnownFileType" = "sourcecode.c.objc";
"path" = "TestProjectTests.m";
"sourceTree" = "<group>";
    };
"7147F920153E34F900763224" = {
      "fileRef" = "7147F91A153E34F900763224";
"isa" = "PBXBuildFile";
    };
"7147F921153E34F900763224" = {
      "fileRef" = "7147F91B153E34F900763224";
"isa" = "PBXBuildFile";
    };
"7147F922153E34F900763224" = {
      "fileRef" = "7147F91D153E34F900763224";
"isa" = "PBXBuildFile";
    };
"7147F923153E34F900763224" = {
      "fileRef" = "7147F91F153E34F900763224";
"isa" = "PBXBuildFile";
    };
"7147F924153E350400763224" = {
      "children" = (
      "7147F91B153E34F900763224",
"7147F91D153E34F900763224"
    );
"isa" = "PBXGroup";
"name" = "Supporting Files";
"sourceTree" = "<group>";
    };
"7165D445146B4EA100DE2F0E" = {
      "children" = (
      "7165D45A146B4EA100DE2F0E",
"7147F918153E34F900763224",
"7147F90B153E347700763224",
"7165D453146B4EA100DE2F0E",
"7165D451146B4EA100DE2F0E",
"AC5709608A4B604B2A62F693",
"42C6306B0C4EF0451E08B222"
    );
"isa" = "PBXGroup";
"sourceTree" = "<group>";
    };
"7165D447146B4EA100DE2F0E" = {
      "attributes" = {
      "LastUpgradeCheck" = "0420";
    };
"buildConfigurationList" = "7165D44A146B4EA100DE2F0E";
"compatibilityVersion" = "Xcode 3.2";
"developmentRegion" = "English";
"hasScannedForEncodings" = "0";
"isa" = "PBXProject";
"knownRegions" = (
      "en"
    );
"mainGroup" = "7165D445146B4EA100DE2F0E";
"productRefGroup" = "7165D451146B4EA100DE2F0E";
"projectDirPath" = "";
"projectRoot" = "";
"targets" = (
      "7165D44F146B4EA100DE2F0E",
"7165D46A146B4EA100DE2F0E",
"D111C141DDDD1009668E310E",
"7147F906153E347700763224",
"566BEB5DE68C5E88642EF09E",
"65AB32971E4767F5B3F12FF7",
"58214545BF6DA702353B3F50"
    );
    };
"7165D44A146B4EA100DE2F0E" = {
      "buildConfigurations" = (
      "7165D47B146B4EA100DE2F0E",
"7165D47C146B4EA100DE2F0E"
    );
"defaultConfigurationIsVisible" = "0";
"defaultConfigurationName" = "Release";
"isa" = "XCConfigurationList";
    };
"7165D44C146B4EA100DE2F0E" = {
      "buildActionMask" = "2147483647";
"files" = (
      "7165D461146B4EA100DE2F0E",
"7165D465146B4EA100DE2F0E",
"896B34DEDCB267B6A64573D2",
"AB9B40F7D71EA8F3672A520C"
    );
"isa" = "PBXSourcesBuildPhase";
"runOnlyForDeploymentPostprocessing" = "0";
    };
"7165D44D146B4EA100DE2F0E" = {
      "buildActionMask" = "2147483647";
"files" = (
      "7165D455146B4EA100DE2F0E",
"7165D457146B4EA100DE2F0E",
"7165D459146B4EA100DE2F0E",
"7CFB5CB764A4A1DFF2139CB1"
    );
"isa" = "PBXFrameworksBuildPhase";
"runOnlyForDeploymentPostprocessing" = "0";
    };
"7165D44E146B4EA100DE2F0E" = {
      "buildActionMask" = "2147483647";
"files" = (
      "7165D45F146B4EA100DE2F0E"
    );
"isa" = "PBXResourcesBuildPhase";
"runOnlyForDeploymentPostprocessing" = "0";
    };
"7165D44F146B4EA100DE2F0E" = {
      "buildConfigurationList" = "7165D47D146B4EA100DE2F0E";
"buildPhases" = (
      "7165D44C146B4EA100DE2F0E",
"7165D44D146B4EA100DE2F0E",
"7165D44E146B4EA100DE2F0E"
    );
"buildRules" = (
      
    );
"dependencies" = (
      
    );
"isa" = "PBXNativeTarget";
"name" = "TestProject";
"productName" = "TestProject";
"productReference" = "7165D450146B4EA100DE2F0E";
"productType" = "com.apple.product-type.application";
    };
"7165D450146B4EA100DE2F0E" = {
      "explicitFileType" = "wrapper.application";
"includeInIndex" = "0";
"isa" = "PBXFileReference";
"path" = "TestProject.app";
"sourceTree" = "BUILT_PRODUCTS_DIR";
    };
"7165D451146B4EA100DE2F0E" = {
      "children" = (
      "7165D450146B4EA100DE2F0E",
"7165D46B146B4EA100DE2F0E",
"630E8768C91375E025BDAB9D",
"7147F907153E347700763224",
"717D8FDF4C30423AAB350467"
    );
"isa" = "PBXGroup";
"name" = "Products";
"sourceTree" = "<group>";
    };
"7165D453146B4EA100DE2F0E" = {
      "children" = (
      "7165D454146B4EA100DE2F0E",
"7165D456146B4EA100DE2F0E",
"7165D458146B4EA100DE2F0E",
"7165D46C146B4EA100DE2F0E",
"70F2C1C35C0D60D44412B5D5",
"104BB96CB0BED4A4583BC461"
    );
"isa" = "PBXGroup";
"name" = "Frameworks";
"sourceTree" = "<group>";
    };
"7165D454146B4EA100DE2F0E" = {
      "isa" = "PBXFileReference";
"lastKnownFileType" = "wrapper.framework";
"name" = "UIKit.framework";
"path" = "System/Library/Frameworks/UIKit.framework";
"sourceTree" = "SDKROOT";
    };
"7165D455146B4EA100DE2F0E" = {
      "fileRef" = "7165D454146B4EA100DE2F0E";
"isa" = "PBXBuildFile";
    };
"7165D456146B4EA100DE2F0E" = {
      "isa" = "PBXFileReference";
"lastKnownFileType" = "wrapper.framework";
"name" = "Foundation.framework";
"path" = "System/Library/Frameworks/Foundation.framework";
"sourceTree" = "SDKROOT";
    };
"7165D457146B4EA100DE2F0E" = {
      "fileRef" = "7165D456146B4EA100DE2F0E";
"isa" = "PBXBuildFile";
    };
"7165D458146B4EA100DE2F0E" = {
      "isa" = "PBXFileReference";
"lastKnownFileType" = "wrapper.framework";
"name" = "CoreGraphics.framework";
"path" = "System/Library/Frameworks/CoreGraphics.framework";
"sourceTree" = "SDKROOT";
    };
"7165D459146B4EA100DE2F0E" = {
      "fileRef" = "7165D458146B4EA100DE2F0E";
"isa" = "PBXBuildFile";
    };
"7165D45A146B4EA100DE2F0E" = {
      "children" = (
      "7165D463146B4EA100DE2F0E",
"7165D464146B4EA100DE2F0E",
"7165D45B146B4EA100DE2F0E"
    );
"isa" = "PBXGroup";
"path" = "TestProject";
"sourceTree" = "<group>";
    };
"7165D45B146B4EA100DE2F0E" = {
      "children" = (
      "7165D45C146B4EA100DE2F0E",
"7165D45D146B4EA100DE2F0E",
"7165D460146B4EA100DE2F0E",
"7165D462146B4EA100DE2F0E"
    );
"isa" = "PBXGroup";
"name" = "Supporting Files";
"sourceTree" = "<group>";
    };
"7165D45C146B4EA100DE2F0E" = {
      "isa" = "PBXFileReference";
"lastKnownFileType" = "text.plist.xml";
"path" = "TestProject-Info.plist";
"sourceTree" = "<group>";
    };
"7165D45D146B4EA100DE2F0E" = {
      "children" = (
      "7165D45E146B4EA100DE2F0E"
    );
"isa" = "PBXVariantGroup";
"name" = "InfoPlist.strings";
"sourceTree" = "<group>";
    };
"7165D45E146B4EA100DE2F0E" = {
      "isa" = "PBXFileReference";
"lastKnownFileType" = "text.plist.strings";
"name" = "en";
"path" = "en.lproj/InfoPlist.strings";
"sourceTree" = "<group>";
    };
"7165D45F146B4EA100DE2F0E" = {
      "fileRef" = "7165D45D146B4EA100DE2F0E";
"isa" = "PBXBuildFile";
    };
"7165D460146B4EA100DE2F0E" = {
      "isa" = "PBXFileReference";
"lastKnownFileType" = "sourcecode.c.objc";
"path" = "main.m";
"sourceTree" = "<group>";
    };
"7165D461146B4EA100DE2F0E" = {
      "fileRef" = "7165D460146B4EA100DE2F0E";
"isa" = "PBXBuildFile";
    };
"7165D462146B4EA100DE2F0E" = {
      "isa" = "PBXFileReference";
"lastKnownFileType" = "sourcecode.c.h";
"path" = "TestProject-Prefix.pch";
"sourceTree" = "<group>";
    };
"7165D463146B4EA100DE2F0E" = {
      "isa" = "PBXFileReference";
"lastKnownFileType" = "sourcecode.c.h";
"path" = "AppDelegate.h";
"sourceTree" = "<group>";
    };
"7165D464146B4EA100DE2F0E" = {
      "isa" = "PBXFileReference";
"lastKnownFileType" = "sourcecode.c.objc";
"path" = "AppDelegate.m";
"sourceTree" = "<group>";
    };
"7165D465146B4EA100DE2F0E" = {
      "fileRef" = "7165D464146B4EA100DE2F0E";
"isa" = "PBXBuildFile";
    };
"7165D466146B4EA100DE2F0E" = {
      "buildActionMask" = "2147483647";
"files" = (
      "7147F920153E34F900763224",
"7147F923153E34F900763224"
    );
"isa" = "PBXSourcesBuildPhase";
"runOnlyForDeploymentPostprocessing" = "0";
    };
"7165D467146B4EA100DE2F0E" = {
      "buildActionMask" = "2147483647";
"files" = (
      "7165D46D146B4EA100DE2F0E",
"7165D46E146B4EA100DE2F0E",
"7165D46F146B4EA100DE2F0E"
    );
"isa" = "PBXFrameworksBuildPhase";
"runOnlyForDeploymentPostprocessing" = "0";
    };
"7165D468146B4EA100DE2F0E" = {
      "buildActionMask" = "2147483647";
"files" = (
      "7147F921153E34F900763224",
"7147F922153E34F900763224"
    );
"isa" = "PBXResourcesBuildPhase";
"runOnlyForDeploymentPostprocessing" = "0";
    };
"7165D469146B4EA100DE2F0E" = {
      "buildActionMask" = "2147483647";
"files" = (
      
    );
"inputPaths" = (
      
    );
"isa" = "PBXShellScriptBuildPhase";
"outputPaths" = (
      
    );
"runOnlyForDeploymentPostprocessing" = "0";
"shellPath" = "/bin/sh";
"shellScript" = "# Run the unit tests in this test bundle.\n\"${SYSTEM_DEVELOPER_DIR}/Tools/RunUnitTests\"\n";
    };
"7165D46A146B4EA100DE2F0E" = {
      "buildConfigurationList" = "7165D480146B4EA100DE2F0E";
"buildPhases" = (
      "7165D466146B4EA100DE2F0E",
"7165D467146B4EA100DE2F0E",
"7165D468146B4EA100DE2F0E",
"7165D469146B4EA100DE2F0E"
    );
"buildRules" = (
      
    );
"dependencies" = (
      "7165D471146B4EA100DE2F0E"
    );
"isa" = "PBXNativeTarget";
"name" = "LogicTests";
"productName" = "TestProjectTests";
"productReference" = "7165D46B146B4EA100DE2F0E";
"productType" = "com.apple.product-type.bundle";
    };
"7165D46B146B4EA100DE2F0E" = {
      "explicitFileType" = "wrapper.cfbundle";
"includeInIndex" = "0";
"isa" = "PBXFileReference";
"path" = "LogicTests.octest";
"sourceTree" = "BUILT_PRODUCTS_DIR";
    };
"7165D46C146B4EA100DE2F0E" = {
      "isa" = "PBXFileReference";
"lastKnownFileType" = "wrapper.framework";
"name" = "SenTestingKit.framework";
"path" = "Library/Frameworks/SenTestingKit.framework";
"sourceTree" = "DEVELOPER_DIR";
    };
"7165D46D146B4EA100DE2F0E" = {
      "fileRef" = "7165D46C146B4EA100DE2F0E";
"isa" = "PBXBuildFile";
    };
"7165D46E146B4EA100DE2F0E" = {
      "fileRef" = "7165D454146B4EA100DE2F0E";
"isa" = "PBXBuildFile";
    };
"7165D46F146B4EA100DE2F0E" = {
      "fileRef" = "7165D456146B4EA100DE2F0E";
"isa" = "PBXBuildFile";
    };
"7165D470146B4EA100DE2F0E" = {
      "containerPortal" = "7165D447146B4EA100DE2F0E";
"isa" = "PBXContainerItemProxy";
"proxyType" = "1";
"remoteGlobalIDString" = "7165D44F146B4EA100DE2F0E";
"remoteInfo" = "TestProject";
    };
"7165D471146B4EA100DE2F0E" = {
      "isa" = "PBXTargetDependency";
"target" = "7165D44F146B4EA100DE2F0E";
"targetProxy" = "7165D470146B4EA100DE2F0E";
    };
"7165D47B146B4EA100DE2F0E" = {
      "buildSettings" = {
      "ALWAYS_SEARCH_USER_PATHS" = "NO";
"ARCHS" = "$(ARCHS_STANDARD_32_BIT)";
"CODE_SIGN_IDENTITY[sdk=iphoneos*]" = "iPhone Developer";
"COPY_PHASE_STRIP" = "NO";
"GCC_C_LANGUAGE_STANDARD" = "gnu99";
"GCC_DYNAMIC_NO_PIC" = "NO";
"GCC_OPTIMIZATION_LEVEL" = "0";
"GCC_PREPROCESSOR_DEFINITIONS" = (
      "DEBUG=1",
"$(inherited)"
    );
"GCC_SYMBOLS_PRIVATE_EXTERN" = "NO";
"GCC_VERSION" = "com.apple.compilers.llvm.clang.1_0";
"GCC_WARN_ABOUT_MISSING_PROTOTYPES" = "YES";
"GCC_WARN_ABOUT_RETURN_TYPE" = "YES";
"GCC_WARN_UNUSED_VARIABLE" = "YES";
"IPHONEOS_DEPLOYMENT_TARGET" = "5.0";
"SDKROOT" = "iphoneos";
"TARGETED_DEVICE_FAMILY" = "1,2";
    };
"isa" = "XCBuildConfiguration";
"name" = "Debug";
    };
"7165D47C146B4EA100DE2F0E" = {
      "buildSettings" = {
      "ALWAYS_SEARCH_USER_PATHS" = "NO";
"ARCHS" = "$(ARCHS_STANDARD_32_BIT)";
"CODE_SIGN_IDENTITY[sdk=iphoneos*]" = "iPhone Developer";
"COPY_PHASE_STRIP" = "YES";
"GCC_C_LANGUAGE_STANDARD" = "gnu99";
"GCC_VERSION" = "com.apple.compilers.llvm.clang.1_0";
"GCC_WARN_ABOUT_MISSING_PROTOTYPES" = "YES";
"GCC_WARN_ABOUT_RETURN_TYPE" = "YES";
"GCC_WARN_UNUSED_VARIABLE" = "YES";
"IPHONEOS_DEPLOYMENT_TARGET" = "5.0";
"OTHER_CFLAGS" = "-DNS_BLOCK_ASSERTIONS=1";
"SDKROOT" = "iphoneos";
"TARGETED_DEVICE_FAMILY" = "1,2";
"VALIDATE_PRODUCT" = "YES";
    };
"isa" = "XCBuildConfiguration";
"name" = "Release";
    };
"7165D47D146B4EA100DE2F0E" = {
      "buildConfigurations" = (
      "7165D47E146B4EA100DE2F0E",
"7165D47F146B4EA100DE2F0E"
    );
"defaultConfigurationIsVisible" = "0";
"defaultConfigurationName" = "Release";
"isa" = "XCConfigurationList";
    };
"7165D47E146B4EA100DE2F0E" = {
      "buildSettings" = {
      "GCC_PRECOMPILE_PREFIX_HEADER" = "YES";
"GCC_PREFIX_HEADER" = "TestProject/TestProject-Prefix.pch";
"INFOPLIST_FILE" = "TestProject/TestProject-Info.plist";
"PRODUCT_NAME" = "$(TARGET_NAME)";
"WRAPPER_EXTENSION" = "app";
    };
"isa" = "XCBuildConfiguration";
"name" = "Debug";
    };
"7165D47F146B4EA100DE2F0E" = {
      "buildSettings" = {
      "GCC_PRECOMPILE_PREFIX_HEADER" = "YES";
"GCC_PREFIX_HEADER" = "TestProject/TestProject-Prefix.pch";
"INFOPLIST_FILE" = "TestProject/TestProject-Info.plist";
"PRODUCT_NAME" = "$(TARGET_NAME)";
"WRAPPER_EXTENSION" = "app";
    };
"isa" = "XCBuildConfiguration";
"name" = "Release";
    };
"7165D480146B4EA100DE2F0E" = {
      "buildConfigurations" = (
      "7165D481146B4EA100DE2F0E",
"7165D482146B4EA100DE2F0E"
    );
"defaultConfigurationIsVisible" = "0";
"defaultConfigurationName" = "Release";
"isa" = "XCConfigurationList";
    };
"7165D481146B4EA100DE2F0E" = {
      "buildSettings" = {
      "BUNDLE_LOADER" = "$(BUILT_PRODUCTS_DIR)/TestProject.app/TestProject";
"FRAMEWORK_SEARCH_PATHS" = (
      "$(SDKROOT)/Developer/Library/Frameworks",
"$(DEVELOPER_LIBRARY_DIR)/Frameworks"
    );
"GCC_PRECOMPILE_PREFIX_HEADER" = "YES";
"GCC_PREFIX_HEADER" = "TestProject/TestProject-Prefix.pch";
"INFOPLIST_FILE" = "LogicTests/TestProjectTests-Info.plist";
"PRODUCT_NAME" = "$(TARGET_NAME)";
"TEST_HOST" = "";
"WRAPPER_EXTENSION" = "octest";
    };
"isa" = "XCBuildConfiguration";
"name" = "Debug";
    };
"7165D482146B4EA100DE2F0E" = {
      "buildSettings" = {
      "BUNDLE_LOADER" = "$(BUILT_PRODUCTS_DIR)/TestProject.app/TestProject";
"FRAMEWORK_SEARCH_PATHS" = (
      "$(SDKROOT)/Developer/Library/Frameworks",
"$(DEVELOPER_LIBRARY_DIR)/Frameworks"
    );
"GCC_PRECOMPILE_PREFIX_HEADER" = "YES";
"GCC_PREFIX_HEADER" = "TestProject/TestProject-Prefix.pch";
"INFOPLIST_FILE" = "LogicTests/TestProjectTests-Info.plist";
"PRODUCT_NAME" = "$(TARGET_NAME)";
"TEST_HOST" = "$(BUNDLE_LOADER)";
"WRAPPER_EXTENSION" = "octest";
    };
"isa" = "XCBuildConfiguration";
"name" = "Release";
    };
"9DD0F856744EE2F634D435BF" = {
      "buildSettings" = {
      "ALWAYS_SEARCH_USER_PATHS" = "NO";
"ARCHS" = "$(ARCHS_STANDARD_32_BIT)";
"CODE_SIGN_IDENTITY[sdk=>iphoneos*]" = "iPhone Developer";
"COPY_PHASE_STRIP" = "YES";
"FRAMEWORK_SEARCH_PATHS" = (
      "$(inherited)",
"\"$(SRCROOT)/Vendor/Frameworks\""
    );
"GCC_C_LANGUAGE_STANDARD" = "gnu99";
"GCC_PRECOMPILE_PREFIX_HEADER" = "YES";
"GCC_PREFIX_HEADER" = "Specs/Specs-Prefix.pch";
"GCC_VERSION" = "com.apple.compilers.llvm.clang.1_0";
"GCC_WARN_ABOUT_MISSING_PROTOTYPES" = "YES";
"GCC_WARN_ABOUT_RETURN_TYPE" = "YES";
"INFOPLIST_FILE" = "Specs/Specs-Info.plist";
"IPHONEOS_DEPLOYMENT_TARGET" = "5.0";
"OTHER_CFLAGS" = "-DNS_BLOCK_ASSERTIONS=1";
"OTHER_LDFLAGS" = (
      "-ObjC",
"-all_load",
"-lstdc++"
    );
"PRODUCT_NAME" = "$(TARGET_NAME)";
"SDKROOT" = "iphoneos";
"TARGETED_DEVICE_FAMILY" = "1,2";
"VALIDATE_PRODUCT" = "YES";
"WRAPPER_EXTENSION" = "app";
    };
"isa" = "XCBuildConfiguration";
"name" = "Debug";
    };
"C93D39FEB82CC9442CE94908" = {
      "buildConfigurations" = (
      "9DD0F856744EE2F634D435BF",
"F3367A702467F6782D255B43"
    );
"defaultConfigurationIsVisible" = "0";
"defaultConfigurationName" = "";
"isa" = "XCConfigurationList";
    };
"D111C141DDDD1009668E310E" = {
      "buildConfigurationList" = "C93D39FEB82CC9442CE94908";
"buildPhases" = (
      "DDF08A769D3B5B518C166AC6",
"57F7ADA229AE63B1ADB8DA79",
"FEE9A62A759B1FFE1A905731"
    );
"buildRules" = (
      
    );
"dependencies" = (
      
    );
"isa" = "PBXNativeTarget";
"name" = "Specs";
"productName" = "Specs";
"productType" = "com.apple.product-type.application";
    };
"DDF08A769D3B5B518C166AC6" = {
      "buildActionMask" = "2147483647";
"files" = (
      
    );
"isa" = "PBXSourcesBuildPhase";
"runOnlyForDeploymentPostprocessing" = "0";
    };
"F3367A702467F6782D255B43" = {
      "buildSettings" = {
      "ALWAYS_SEARCH_USER_PATHS" = "NO";
"ARCHS" = "$(ARCHS_STANDARD_32_BIT)";
"CODE_SIGN_IDENTITY[sdk=>iphoneos*]" = "iPhone Developer";
"COPY_PHASE_STRIP" = "YES";
"FRAMEWORK_SEARCH_PATHS" = (
      "$(inherited)",
"\"$(SRCROOT)/Vendor/Frameworks\""
    );
"GCC_C_LANGUAGE_STANDARD" = "gnu99";
"GCC_PRECOMPILE_PREFIX_HEADER" = "YES";
"GCC_PREFIX_HEADER" = "Specs/Specs-Prefix.pch";
"GCC_VERSION" = "com.apple.compilers.llvm.clang.1_0";
"GCC_WARN_ABOUT_MISSING_PROTOTYPES" = "YES";
"GCC_WARN_ABOUT_RETURN_TYPE" = "YES";
"INFOPLIST_FILE" = "Specs/Specs-Info.plist";
"IPHONEOS_DEPLOYMENT_TARGET" = "5.0";
"OTHER_CFLAGS" = "-DNS_BLOCK_ASSERTIONS=1";
"OTHER_LDFLAGS" = (
      "-ObjC",
"-all_load",
"-lstdc++"
    );
"PRODUCT_NAME" = "$(TARGET_NAME)";
"SDKROOT" = "iphoneos";
"TARGETED_DEVICE_FAMILY" = "1,2";
"VALIDATE_PRODUCT" = "YES";
"WRAPPER_EXTENSION" = "app";
    };
"isa" = "XCBuildConfiguration";
"name" = "Release";
    };
"FD70EF95A64C6CF15FFAA614" = {
      "fileRef" = "7165D456146B4EA100DE2F0E";
"isa" = "PBXBuildFile";
    };
"FEE9A62A759B1FFE1A905731" = {
      "buildActionMask" = "2147483647";
"files" = (
      "2574D65B0D2FFDB5D0372B4A",
"FD70EF95A64C6CF15FFAA614",
"28C60920A77AB174A952864D"
    );
"isa" = "PBXFrameworksBuildPhase";
"runOnlyForDeploymentPostprocessing" = "0";
    };
"566BEB5DE68C5E88642EF09E" = {
      "isa" = "PBXNativeTarget";
"buildConfigurationList" = "4E978B8B93F56FB06E5BFBCA";
"buildPhases" = (
      "0EDFE5575605ACDF9AA1B804",
"EDC03EB77E9B48B88E3E054E",
"F01B10057811BCE7522626C5"
    );
"buildRules" = (
      
    );
"dependencies" = (
      
    );
"name" = "Specs";
"productName" = "Specs";
"productReference" = "";
"productType" = "com.apple.product-type.application";
    };
"4E978B8B93F56FB06E5BFBCA" = {
      "isa" = "XCConfigurationList";
"buildConfigurations" = (
      "5DD56BB92762B289DF3E48B5",
"36D643D000BCE3F365BECA4D"
    );
"defaultConfigurationIsVisible" = "0";
"defaultConfigurationName" = "";
    };
"717D8FDF4C30423AAB350467" = {
      "isa" = "PBXFileReference";
"explicitFileType" = "wrapper.application";
"includeInIndex" = 0;
"path" = "Specs.app";
"sourceTree" = "BUILT_PRODUCTS_DIR";
    };
"AC5709608A4B604B2A62F693" = {
      "isa" = "PBXGroup";
"name" = "Specs";
"sourceTree" = "<group>";
"children" = (
      "6EB49C59EFBEF56B01A23607"
    );
    };
"6EB49C59EFBEF56B01A23607" = {
      "isa" = "PBXGroup";
"name" = "SupportingFiles";
"sourceTree" = "<group>";
"children" = (
      "FC4692987FB55060D41DD399",
"1F07613D452161966AC98C1F",
"14178DD0049F392FE2B4AE9C",
"BDAED3EC56B5CE731E41706B"
    );
    };
"FC4692987FB55060D41DD399" = {
      "isa" = "PBXFileReference";
"path" = "Specs/main.m";
"sourceTree" = "<group>";
"name" = "main.m";
    };
"0EDFE5575605ACDF9AA1B804" = {
      "isa" = "PBXSourcesBuildPhase";
"buildActionMask" = "2147483647";
"files" = (
      "C53C4507C4848313D64EE1DA"
    );
"runOnlyForDeploymentPostprocessing" = "0";
    };
"C53C4507C4848313D64EE1DA" = {
      "isa" = "PBXBuildFile";
"fileRef" = "FC4692987FB55060D41DD399";
    };
"1F07613D452161966AC98C1F" = {
      "isa" = "PBXFileReference";
"path" = "Specs/Specs-Info.plist";
"sourceTree" = "<group>";
"name" = "Specs-Info.plist";
    };
"14178DD0049F392FE2B4AE9C" = {
      "isa" = "PBXVariantGroup";
"children" = (
      "E6753DC550573D143A9FEC12"
    );
"name" = "InfoPlist.strings";
"sourceTree" = "<group>";
"path" = "Specs";
    };
"E6753DC550573D143A9FEC12" = {
      "isa" = "PBXFileReference";
"path" = "en.lproj/InfoPlist.strings";
"sourceTree" = "<group>";
"name" = "en";
    };
"EDC03EB77E9B48B88E3E054E" = {
      "isa" = "PBXResourcesBuildPhase";
"buildActionMask" = "2147483647";
"files" = (
      "9C7D2C9F6D5E18CB216C01D9"
    );
"runOnlyForDeploymentPostprocessing" = "0";
    };
"9C7D2C9F6D5E18CB216C01D9" = {
      "isa" = "PBXBuildFile";
"fileRef" = "14178DD0049F392FE2B4AE9C";
    };
"BDAED3EC56B5CE731E41706B" = {
      "isa" = "PBXFileReference";
"path" = "Specs/Specs-Prefix.pch";
"sourceTree" = "<group>";
"name" = "Specs-Prefix.pch";
    };
"104BB96CB0BED4A4583BC461" = {
      "isa" = "PBXFileReference";
"lastKnownFileType" = "wrapper.framework";
"name" = "Cedar-iPhone.framework";
"path" = "Vendor/Frameworks/Cedar-iPhone.framework";
"sourceTree" = "<group>";
    };
"F01B10057811BCE7522626C5" = {
      "isa" = "PBXFrameworksBuildPhase";
"buildActionMask" = "2147483647";
"files" = (
      "AD008D7235CB4B9B0E13DCD2",
"2128AEA5484ED301AE0D3F47",
"7D717CA9D357597EF1FF2774",
"22AF45D4BE9DDDB3D6166425"
    );
"runOnlyForDeploymentPostprocessing" = "0";
    };
"AD008D7235CB4B9B0E13DCD2" = {
      "isa" = "PBXBuildFile";
"fileRef" = "104BB96CB0BED4A4583BC461";
    };
"2128AEA5484ED301AE0D3F47" = {
      "isa" = "PBXBuildFile";
"fileRef" = "7165D454146B4EA100DE2F0E";
    };
"7D717CA9D357597EF1FF2774" = {
      "isa" = "PBXBuildFile";
"fileRef" = "7165D456146B4EA100DE2F0E";
    };
"22AF45D4BE9DDDB3D6166425" = {
      "isa" = "PBXBuildFile";
"fileRef" = "7165D458146B4EA100DE2F0E";
    };
"5DD56BB92762B289DF3E48B5" = {
      "isa" = "XCBuildConfiguration";
"buildSettings" = {
      "SDKROOT" = "iphoneos";
"OTHER_CFLAGS" = "-DNS_BLOCK_ASSERTIONS=1";
"TARGETED_DEVICE_FAMILY" = "1,2";
"GCC_C_LANGUAGE_STANDARD" = "gnu99";
"ALWAYS_SEARCH_USER_PATHS" = "NO";
"GCC_VERSION" = "com.apple.compilers.llvm.clang.1_0";
"ARCHS" = "$(ARCHS_STANDARD_32_BIT)";
"GCC_WARN_ABOUT_MISSING_PROTOTYPES" = "YES";
"GCC_WARN_ABOUT_RETURN_TYPE" = "YES";
"CODE_SIGN_IDENTITY[sdk=>iphoneos*]" = "iPhone Developer";
"GCC_PRECOMPILE_PREFIX_HEADER" = "YES";
"VALIDATE_PRODUCT" = "YES";
"IPHONEOS_DEPLOYMENT_TARGET" = "5.0";
"COPY_PHASE_STRIP" = "YES";
"GCC_PREFIX_HEADER" = "Specs/Specs-Prefix.pch";
"INFOPLIST_FILE" = "Specs/Specs-Info.plist";
"PRODUCT_NAME" = "$(TARGET_NAME)";
"WRAPPER_EXTENSION" = "app";
"OTHER_LDFLAGS" = "-ObjC -all_load -lstdc++";
"FRAMEWORK_SEARCH_PATHS" = (
      "$(inherited)",
"\"$(SRCROOT)/Vendor/Frameworks\""
    );
    };
"name" = "Debug";
    };
"36D643D000BCE3F365BECA4D" = {
      "isa" = "XCBuildConfiguration";
"buildSettings" = {
      "SDKROOT" = "iphoneos";
"OTHER_CFLAGS" = "-DNS_BLOCK_ASSERTIONS=1";
"TARGETED_DEVICE_FAMILY" = "1,2";
"GCC_C_LANGUAGE_STANDARD" = "gnu99";
"ALWAYS_SEARCH_USER_PATHS" = "NO";
"GCC_VERSION" = "com.apple.compilers.llvm.clang.1_0";
"ARCHS" = "$(ARCHS_STANDARD_32_BIT)";
"GCC_WARN_ABOUT_MISSING_PROTOTYPES" = "YES";
"GCC_WARN_ABOUT_RETURN_TYPE" = "YES";
"CODE_SIGN_IDENTITY[sdk=>iphoneos*]" = "iPhone Developer";
"GCC_PRECOMPILE_PREFIX_HEADER" = "YES";
"VALIDATE_PRODUCT" = "YES";
"IPHONEOS_DEPLOYMENT_TARGET" = "5.0";
"COPY_PHASE_STRIP" = "YES";
"GCC_PREFIX_HEADER" = "Specs/Specs-Prefix.pch";
"INFOPLIST_FILE" = "Specs/Specs-Info.plist";
"PRODUCT_NAME" = "$(TARGET_NAME)";
"WRAPPER_EXTENSION" = "app";
"OTHER_LDFLAGS" = "-ObjC -all_load -lstdc++";
"FRAMEWORK_SEARCH_PATHS" = (
      "$(inherited)",
"\"$(SRCROOT)/Vendor/Frameworks\""
    );
    };
"name" = "Release";
    };
"42C6306B0C4EF0451E08B222" = {
      "isa" = "PBXGroup";
"name" = "Vendor";
"sourceTree" = "<group>";
"children" = (
      "D39B9480FD496D3C6D3508E9",
"B079E3641FF410F6A159725B"
    );
    };
"D39B9480FD496D3C6D3508E9" = {
      "isa" = "PBXGroup";
"name" = "EGORefreshTableHeaderView";
"sourceTree" = "<group>";
"children" = (
      "944B5CA9AE913BB9435DCF96",
"F68081D13A02BD73013E2083"
    );
    };
"944B5CA9AE913BB9435DCF96" = {
      "isa" = "PBXFileReference";
"path" = "Vendor/EGORefreshTableHeaderView/EGORefreshTableHeaderView.m";
"sourceTree" = "<group>";
"name" = "EGORefreshTableHeaderView.m";
    };
"F68081D13A02BD73013E2083" = {
      "isa" = "PBXFileReference";
"path" = "Vendor/EGORefreshTableHeaderView/EGORefreshTableHeaderView.h";
"sourceTree" = "<group>";
"name" = "EGORefreshTableHeaderView.h";
    };
"896B34DEDCB267B6A64573D2" = {
      "isa" = "PBXBuildFile";
"fileRef" = "944B5CA9AE913BB9435DCF96";
    };
"B079E3641FF410F6A159725B" = {
      "isa" = "PBXGroup";
"name" = "Reachability";
"sourceTree" = "<group>";
"children" = (
      "E85A7A3A78D90CAC47250A92",
"981B82CFE1543552FDCAED28"
    );
    };
"E85A7A3A78D90CAC47250A92" = {
      "isa" = "PBXFileReference";
"path" = "Vendor/Reachability/Reachability.m";
"sourceTree" = "<group>";
"name" = "Reachability.m";
    };
"981B82CFE1543552FDCAED28" = {
      "isa" = "PBXFileReference";
"path" = "Vendor/Reachability/Reachability.h";
"sourceTree" = "<group>";
"name" = "Reachability.h";
    };
"AB9B40F7D71EA8F3672A520C" = {
      "isa" = "PBXBuildFile";
"fileRef" = "E85A7A3A78D90CAC47250A92";
    };
"7CFB5CB764A4A1DFF2139CB1" = {
      "isa" = "PBXBuildFile";
"fileRef" = "70F2C1C35C0D60D44412B5D5";
    };
"65AB32971E4767F5B3F12FF7" = {
      "isa" = "PBXNativeTarget";
"buildConfigurationList" = "321235C2FF8A1C5D8F0BF226";
"buildPhases" = (
      "535D4B8B1C8252BDF5D0555D",
"E137863310846ED24931C695"
    );
"buildRules" = (
      
    );
"dependencies" = (
      
    );
"name" = "Library";
"productName" = "";
"productReference" = "";
"productType" = "com.apple.product-type.bundle";
    };
"321235C2FF8A1C5D8F0BF226" = {
      "isa" = "XCConfigurationList";
"buildConfigurations" = (
      "904FB8B8EA1BE2A409F5B892"
    );
"defaultConfigurationIsVisible" = "0";
"defaultConfigurationName" = "";
    };
"535D4B8B1C8252BDF5D0555D" = {
      "isa" = "PBXSourcesBuildPhase";
"buildActionMask" = "2147483647";
"files" = (
      "80089621450124F06B08F412"
    );
"runOnlyForDeploymentPostprocessing" = "0";
    };
"80089621450124F06B08F412" = {
      "isa" = "PBXBuildFile";
"fileRef" = "7165D464146B4EA100DE2F0E";
    };
"E137863310846ED24931C695" = {
      "isa" = "PBXHeadersBuildPhase";
"buildActionMask" = "2147483647";
"files" = (
      "3953DBAC25E75B57D6DED522",
"B5B10BA312BA1DC0044F43D3"
    );
"runOnlyForDeploymentPostprocessing" = "0";
    };
"3953DBAC25E75B57D6DED522" = {
      "isa" = "PBXBuildFile";
"fileRef" = "7165D463146B4EA100DE2F0E";
"settings" = {
      "ATTRIBUTES" = (
      "Public"
    );
    };
    };
"B5B10BA312BA1DC0044F43D3" = {
      "isa" = "PBXBuildFile";
"fileRef" = "7165D462146B4EA100DE2F0E";
    };
"904FB8B8EA1BE2A409F5B892" = {
      "isa" = "XCBuildConfiguration";
"buildSettings" = {
      "SDKROOT" = "iphoneos";
"OTHER_CFLAGS" = "-DNS_BLOCK_ASSERTIONS=1";
"TARGETED_DEVICE_FAMILY" = "1,2";
"GCC_C_LANGUAGE_STANDARD" = "gnu99";
"ALWAYS_SEARCH_USER_PATHS" = "NO";
"GCC_VERSION" = "com.apple.compilers.llvm.clang.1_0";
"ARCHS" = "$(ARCHS_STANDARD_32_BIT) armv6";
"GCC_WARN_ABOUT_MISSING_PROTOTYPES" = "YES";
"GCC_WARN_ABOUT_RETURN_TYPE" = "YES";
"CODE_SIGN_IDENTITY[sdk=>iphoneos*]" = "iPhone Developer";
"GCC_PRECOMPILE_PREFIX_HEADER" = "NO";
"VALIDATE_PRODUCT" = "YES";
"IPHONEOS_DEPLOYMENT_TARGET" = "5.0";
"COPY_PHASE_STRIP" = "YES";
"GCC_PREFIX_HEADER" = "";
"INFOPLIST_FILE" = "";
"PRODUCT_NAME" = "$(TARGET_NAME)";
"WRAPPER_EXTENSION" = "framework";
"DEAD_CODE_STRIPPING" = "NO";
"DEBUG_INFORMATION_FORMAT" = "dwarf-with-dsym";
"GCC_ENABLE_OBJC_EXCEPTIONS" = "YES";
"GCC_GENERATE_DEBUGGING_SYMBOLS" = "NO";
"GCC_WARN_64_TO_32_BIT_CONVERSION" = "YES";
"INSTALL_PATH" = "$(LOCAL_LIBRARY_DIR)/Bundles";
"LINK_WITH_STANDARD_LIBRARIES" = "NO";
"MACH_O_TYPE" = "mh_object";
"MACOSX_DEPLOYMENT_TARGET" = "10.7";
"VALID_ARCHS" = "$(ARCHS_STANDARD_32_BIT)";
    };
"name" = "Release";
    };
"58214545BF6DA702353B3F50" = {
      "isa" = "PBXAggregateTarget";
"buildConfigurationList" = "31C3DED5AEA103F02B771419";
"buildPhases" = (
      "5F4CA7851E60DB3BE876D033"
    );
"dependencies" = (
      
    );
"name" = "Universal Library";
"productName" = "Univeral Library";
    };
"31C3DED5AEA103F02B771419" = {
      "isa" = "XCConfigurationList";
"buildConfigurations" = (
      "C4A2F7E596653FE7E40DEEA4"
    );
"defaultConfigurationIsVisible" = "0";
"defaultConfigurationName" = "";
    };
"3AF50A60F27F1ED34A2F6E1F" = {
      "isa" = "PBXTargetDependency";
"target" = "65AB32971E4767F5B3F12FF7";
"targetProxy" = "E22011CEAD881762DA139A01";
    };
"E22011CEAD881762DA139A01" = {
      "isa" = "PBXContainerItemProxy";
"containerPortal" = "7165D447146B4EA100DE2F0E";
"proxyType" = 1;
"remoteGlobalIDString" = "65AB32971E4767F5B3F12FF7";
"remoteInfo" = "Library";
    };
"C4A2F7E596653FE7E40DEEA4" = {
      "isa" = "XCBuildConfiguration";
"buildSettings" = {
      "SDKROOT" = "iphoneos";
"OTHER_CFLAGS" = "-DNS_BLOCK_ASSERTIONS=1";
"TARGETED_DEVICE_FAMILY" = "1,2";
"GCC_C_LANGUAGE_STANDARD" = "gnu99";
"ALWAYS_SEARCH_USER_PATHS" = "NO";
"GCC_VERSION" = "com.apple.compilers.llvm.clang.1_0";
"ARCHS" = "$(ARCHS_STANDARD_32_BIT)";
"GCC_WARN_ABOUT_MISSING_PROTOTYPES" = "YES";
"GCC_WARN_ABOUT_RETURN_TYPE" = "YES";
"CODE_SIGN_IDENTITY[sdk=>iphoneos*]" = "iPhone Developer";
"GCC_PRECOMPILE_PREFIX_HEADER" = "YES";
"VALIDATE_PRODUCT" = "YES";
"IPHONEOS_DEPLOYMENT_TARGET" = "5.0";
"COPY_PHASE_STRIP" = "YES";
"GCC_PREFIX_HEADER" = "Release/Release-Prefix.pch";
"INFOPLIST_FILE" = "Release/Release-Info.plist";
"PRODUCT_NAME" = "$(TARGET_NAME)";
"WRAPPER_EXTENSION" = "app";
    };
"name" = "Release";
    };
"5F4CA7851E60DB3BE876D033" = {
      "isa" = "PBXShellScriptBuildPhase";
"buildActionMask" = "2147483647";
"files" = (
      
    );
"inputPaths" = (
      
    );
"outputPaths" = (
      
    );
"shellPath" = "/bin/sh";
"shellScript" = "# Sets the target folders and the final framework product.\nFMK_NAME=Library\nFMK_VERSION=A\n\n# Install dir will be the final output to the framework.\n# The following line create it in the root folder of the current project.\nINSTALL_DIR=${SRCROOT}/Products/${FMK_NAME}.framework\n\n# Working dir will be deleted after the framework creation.\nWRK_DIR=build\nDEVICE_DIR=${WRK_DIR}/Release-iphoneos/${FMK_NAME}.framework\nSIMULATOR_DIR=${WRK_DIR}/Release-iphonesimulator/${FMK_NAME}.framework\n\n# Building both architectures.\nxcodebuild -configuration \"Release\" -target \"${FMK_NAME}\" -sdk iphoneos\nxcodebuild -configuration \"Release\" -target \"${FMK_NAME}\" -sdk iphonesimulator\n\n# Cleaning the oldest.\nif [ -d \"${INSTALL_DIR}\" ]\nthen\nrm -rf \"${INSTALL_DIR}\"\nfi\n\n# Creates and renews the final product folder.\nmkdir -p \"${INSTALL_DIR}\"\nmkdir -p \"${INSTALL_DIR}/Versions\"\nmkdir -p \"${INSTALL_DIR}/Versions/${FMK_VERSION}\"\nmkdir -p \"${INSTALL_DIR}/Versions/${FMK_VERSION}/Resources\"\nmkdir -p \"${INSTALL_DIR}/Versions/${FMK_VERSION}/Headers\"\n\n# Creates the internal links.\n# It MUST uses relative path, otherwise will not work when the folder is copied/moved.\nln -s \"${FMK_VERSION}\" \"${INSTALL_DIR}/Versions/Current\"\nln -s \"Versions/Current/Headers\" \"${INSTALL_DIR}/Headers\"\nln -s \"Versions/Current/Resources\" \"${INSTALL_DIR}/Resources\"\nln -s \"Versions/Current/${FMK_NAME}\" \"${INSTALL_DIR}/${FMK_NAME}\"\n\n# Copies the headers and resources files to the final product folder.\ncp -R \"${DEVICE_DIR}/Headers/\" \"${INSTALL_DIR}/Versions/${FMK_VERSION}/Headers/\"\ncp -R \"${DEVICE_DIR}/\" \"${INSTALL_DIR}/Versions/${FMK_VERSION}/Resources/\"\n\n# Removes the binary and header from the resources folder.\nrm -r \"${INSTALL_DIR}/Versions/${FMK_VERSION}/Resources/Headers\" \"${INSTALL_DIR}/Versions/${FMK_VERSION}/Resources/${FMK_NAME}\"\n\n# Uses the Lipo Tool to merge both binary files (i386 + armv6/armv7) into one Universal final product.\nlipo -create \"${DEVICE_DIR}/${FMK_NAME}\" \"${SIMULATOR_DIR}/${FMK_NAME}\" -output \"${INSTALL_DIR}/Versions/${FMK_VERSION}/${FMK_NAME}\"\n\nrm -r \"${WRK_DIR}\"";
"runOnlyForDeploymentPostprocessing" = "0";
    };
    };
"rootObject" = "7165D447146B4EA100DE2F0E";
    }
